
Microsoft Visual Studio Solution File, Format Version 12.00
# Visual Studio Version 16
VisualStudioVersion = 16.0.29324.140
MinimumVisualStudioVersion = 10.0.40219.1
Project("{9A19103F-16F7-4668-BE54-9A1E7A4F7556}") = "MpcNET", "MpcNET\MpcNET.csproj", "{8994C820-7BA9-4BB8-B9EA-C608B07C4A11}"
EndProject
Project("{9A19103F-16F7-4668-BE54-9A1E7A4F7556}") = "MpcNET.Test", "MpcNET.Test\MpcNET.Test.csproj", "{69F1D68F-9CD5-4EA6-9B47-2A7A9BF8CED9}"
EndProject
Project("{FAE04EC0-301F-11D3-BF4B-00C04F79EFBC}") = "FluentMPC", "FluentMPC\FluentMPC.csproj", "{5A5CE693-A67D-4B28-8DCE-4B0EA3A47533}"
EndProject
Project("{FAE04EC0-301F-11D3-BF4B-00C04F79EFBC}") = "FluentMPC.Tests.MSTest", "FluentMPC.Tests.MSTest\FluentMPC.Tests.MSTest.csproj", "{0C4B7830-1CAE-4EDC-BF92-526A50424157}"
EndProject
Project("{9A19103F-16F7-4668-BE54-9A1E7A4F7556}") = "FluentMPC.Core", "FluentMPC.Core\FluentMPC.Core.csproj", "{94D3491C-8C2B-490F-9853-31FCB55DB415}"
EndProject
Global
	GlobalSection(SolutionConfigurationPlatforms) = preSolution
		Debug|Any CPU = Debug|Any CPU
		Debug|ARM = Debug|ARM
		Debug|ARM64 = Debug|ARM64
		Debug|x64 = Debug|x64
		Debug|x86 = Debug|x86
		Release|Any CPU = Release|Any CPU
		Release|ARM = Release|ARM
		Release|ARM64 = Release|ARM64
		Release|x64 = Release|x64
		Release|x86 = Release|x86
		Release-Stable|Any CPU = Release-Stable|Any CPU
		Release-Stable|ARM = Release-Stable|ARM
		Release-Stable|ARM64 = Release-Stable|ARM64
		Release-Stable|x64 = Release-Stable|x64
		Release-Stable|x86 = Release-Stable|x86
	EndGlobalSection
	GlobalSection(ProjectConfigurationPlatforms) = postSolution
		{8994C820-7BA9-4BB8-B9EA-C608B07C4A11}.Debug|Any CPU.ActiveCfg = Debug|Any CPU
		{8994C820-7BA9-4BB8-B9EA-C608B07C4A11}.Debug|Any CPU.Build.0 = Debug|Any CPU
		{8994C820-7BA9-4BB8-B9EA-C608B07C4A11}.Debug|ARM.ActiveCfg = Debug|Any CPU
		{8994C820-7BA9-4BB8-B9EA-C608B07C4A11}.Debug|ARM.Build.0 = Debug|Any CPU
		{8994C820-7BA9-4BB8-B9EA-C608B07C4A11}.Debug|ARM64.ActiveCfg = Debug|Any CPU
		{8994C820-7BA9-4BB8-B9EA-C608B07C4A11}.Debug|ARM64.Build.0 = Debug|Any CPU
		{8994C820-7BA9-4BB8-B9EA-C608B07C4A11}.Debug|x64.ActiveCfg = Debug|Any CPU
		{8994C820-7BA9-4BB8-B9EA-C608B07C4A11}.Debug|x64.Build.0 = Debug|Any CPU
		{8994C820-7BA9-4BB8-B9EA-C608B07C4A11}.Debug|x86.ActiveCfg = Debug|Any CPU
		{8994C820-7BA9-4BB8-B9EA-C608B07C4A11}.Debug|x86.Build.0 = Debug|Any CPU
		{8994C820-7BA9-4BB8-B9EA-C608B07C4A11}.Release|Any CPU.ActiveCfg = Release|Any CPU
		{8994C820-7BA9-4BB8-B9EA-C608B07C4A11}.Release|Any CPU.Build.0 = Release|Any CPU
		{8994C820-7BA9-4BB8-B9EA-C608B07C4A11}.Release|ARM.ActiveCfg = Release|Any CPU
		{8994C820-7BA9-4BB8-B9EA-C608B07C4A11}.Release|ARM.Build.0 = Release|Any CPU
		{8994C820-7BA9-4BB8-B9EA-C608B07C4A11}.Release|ARM64.ActiveCfg = Release|Any CPU
		{8994C820-7BA9-4BB8-B9EA-C608B07C4A11}.Release|ARM64.Build.0 = Release|Any CPU
		{8994C820-7BA9-4BB8-B9EA-C608B07C4A11}.Release|x64.ActiveCfg = Release|Any CPU
		{8994C820-7BA9-4BB8-B9EA-C608B07C4A11}.Release|x64.Build.0 = Release|Any CPU
		{8994C820-7BA9-4BB8-B9EA-C608B07C4A11}.Release|x86.ActiveCfg = Release|Any CPU
		{8994C820-7BA9-4BB8-B9EA-C608B07C4A11}.Release|x86.Build.0 = Release|Any CPU
		{8994C820-7BA9-4BB8-B9EA-C608B07C4A11}.Release-Stable|Any CPU.ActiveCfg = Release-Stable|Any CPU
		{8994C820-7BA9-4BB8-B9EA-C608B07C4A11}.Release-Stable|Any CPU.Build.0 = Release-Stable|Any CPU
		{8994C820-7BA9-4BB8-B9EA-C608B07C4A11}.Release-Stable|ARM.ActiveCfg = Release-Stable|Any CPU
		{8994C820-7BA9-4BB8-B9EA-C608B07C4A11}.Release-Stable|ARM.Build.0 = Release-Stable|Any CPU
		{8994C820-7BA9-4BB8-B9EA-C608B07C4A11}.Release-Stable|ARM64.ActiveCfg = Release-Stable|Any CPU
		{8994C820-7BA9-4BB8-B9EA-C608B07C4A11}.Release-Stable|ARM64.Build.0 = Release-Stable|Any CPU
		{8994C820-7BA9-4BB8-B9EA-C608B07C4A11}.Release-Stable|x64.ActiveCfg = Release-Stable|Any CPU
		{8994C820-7BA9-4BB8-B9EA-C608B07C4A11}.Release-Stable|x64.Build.0 = Release-Stable|Any CPU
		{8994C820-7BA9-4BB8-B9EA-C608B07C4A11}.Release-Stable|x86.ActiveCfg = Release-Stable|Any CPU
		{8994C820-7BA9-4BB8-B9EA-C608B07C4A11}.Release-Stable|x86.Build.0 = Release-Stable|Any CPU
		{69F1D68F-9CD5-4EA6-9B47-2A7A9BF8CED9}.Debug|Any CPU.ActiveCfg = Debug|Any CPU
		{69F1D68F-9CD5-4EA6-9B47-2A7A9BF8CED9}.Debug|Any CPU.Build.0 = Debug|Any CPU
		{69F1D68F-9CD5-4EA6-9B47-2A7A9BF8CED9}.Debug|ARM.ActiveCfg = Debug|Any CPU
		{69F1D68F-9CD5-4EA6-9B47-2A7A9BF8CED9}.Debug|ARM.Build.0 = Debug|Any CPU
		{69F1D68F-9CD5-4EA6-9B47-2A7A9BF8CED9}.Debug|ARM64.ActiveCfg = Debug|Any CPU
		{69F1D68F-9CD5-4EA6-9B47-2A7A9BF8CED9}.Debug|ARM64.Build.0 = Debug|Any CPU
		{69F1D68F-9CD5-4EA6-9B47-2A7A9BF8CED9}.Debug|x64.ActiveCfg = Debug|Any CPU
		{69F1D68F-9CD5-4EA6-9B47-2A7A9BF8CED9}.Debug|x64.Build.0 = Debug|Any CPU
		{69F1D68F-9CD5-4EA6-9B47-2A7A9BF8CED9}.Debug|x86.ActiveCfg = Debug|Any CPU
		{69F1D68F-9CD5-4EA6-9B47-2A7A9BF8CED9}.Debug|x86.Build.0 = Debug|Any CPU
		{69F1D68F-9CD5-4EA6-9B47-2A7A9BF8CED9}.Release|Any CPU.ActiveCfg = Release|Any CPU
		{69F1D68F-9CD5-4EA6-9B47-2A7A9BF8CED9}.Release|Any CPU.Build.0 = Release|Any CPU
		{69F1D68F-9CD5-4EA6-9B47-2A7A9BF8CED9}.Release|ARM.ActiveCfg = Release|Any CPU
		{69F1D68F-9CD5-4EA6-9B47-2A7A9BF8CED9}.Release|ARM.Build.0 = Release|Any CPU
		{69F1D68F-9CD5-4EA6-9B47-2A7A9BF8CED9}.Release|ARM64.ActiveCfg = Release|Any CPU
		{69F1D68F-9CD5-4EA6-9B47-2A7A9BF8CED9}.Release|ARM64.Build.0 = Release|Any CPU
		{69F1D68F-9CD5-4EA6-9B47-2A7A9BF8CED9}.Release|x64.ActiveCfg = Release|Any CPU
		{69F1D68F-9CD5-4EA6-9B47-2A7A9BF8CED9}.Release|x64.Build.0 = Release|Any CPU
		{69F1D68F-9CD5-4EA6-9B47-2A7A9BF8CED9}.Release|x86.ActiveCfg = Release|Any CPU
		{69F1D68F-9CD5-4EA6-9B47-2A7A9BF8CED9}.Release|x86.Build.0 = Release|Any CPU
		{69F1D68F-9CD5-4EA6-9B47-2A7A9BF8CED9}.Release-Stable|Any CPU.ActiveCfg = Release|Any CPU
		{69F1D68F-9CD5-4EA6-9B47-2A7A9BF8CED9}.Release-Stable|Any CPU.Build.0 = Release|Any CPU
		{69F1D68F-9CD5-4EA6-9B47-2A7A9BF8CED9}.Release-Stable|ARM.ActiveCfg = Release|Any CPU
		{69F1D68F-9CD5-4EA6-9B47-2A7A9BF8CED9}.Release-Stable|ARM.Build.0 = Release|Any CPU
		{69F1D68F-9CD5-4EA6-9B47-2A7A9BF8CED9}.Release-Stable|ARM64.ActiveCfg = Release|Any CPU
		{69F1D68F-9CD5-4EA6-9B47-2A7A9BF8CED9}.Release-Stable|ARM64.Build.0 = Release|Any CPU
		{69F1D68F-9CD5-4EA6-9B47-2A7A9BF8CED9}.Release-Stable|x64.ActiveCfg = Release|Any CPU
		{69F1D68F-9CD5-4EA6-9B47-2A7A9BF8CED9}.Release-Stable|x64.Build.0 = Release|Any CPU
		{69F1D68F-9CD5-4EA6-9B47-2A7A9BF8CED9}.Release-Stable|x86.ActiveCfg = Release|Any CPU
		{69F1D68F-9CD5-4EA6-9B47-2A7A9BF8CED9}.Release-Stable|x86.Build.0 = Release|Any CPU
		{5A5CE693-A67D-4B28-8DCE-4B0EA3A47533}.Debug|Any CPU.ActiveCfg = Debug|x86
		{5A5CE693-A67D-4B28-8DCE-4B0EA3A47533}.Debug|ARM.ActiveCfg = Debug|ARM
		{5A5CE693-A67D-4B28-8DCE-4B0EA3A47533}.Debug|ARM.Build.0 = Debug|ARM
		{5A5CE693-A67D-4B28-8DCE-4B0EA3A47533}.Debug|ARM.Deploy.0 = Debug|ARM
		{5A5CE693-A67D-4B28-8DCE-4B0EA3A47533}.Debug|ARM64.ActiveCfg = Debug|ARM64
		{5A5CE693-A67D-4B28-8DCE-4B0EA3A47533}.Debug|ARM64.Build.0 = Debug|ARM64
		{5A5CE693-A67D-4B28-8DCE-4B0EA3A47533}.Debug|ARM64.Deploy.0 = Debug|ARM64
		{5A5CE693-A67D-4B28-8DCE-4B0EA3A47533}.Debug|x64.ActiveCfg = Debug|x64
		{5A5CE693-A67D-4B28-8DCE-4B0EA3A47533}.Debug|x64.Build.0 = Debug|x64
		{5A5CE693-A67D-4B28-8DCE-4B0EA3A47533}.Debug|x64.Deploy.0 = Debug|x64
		{5A5CE693-A67D-4B28-8DCE-4B0EA3A47533}.Debug|x86.ActiveCfg = Debug|x86
		{5A5CE693-A67D-4B28-8DCE-4B0EA3A47533}.Debug|x86.Build.0 = Debug|x86
		{5A5CE693-A67D-4B28-8DCE-4B0EA3A47533}.Debug|x86.Deploy.0 = Debug|x86
		{5A5CE693-A67D-4B28-8DCE-4B0EA3A47533}.Release|Any CPU.ActiveCfg = Release|x86
		{5A5CE693-A67D-4B28-8DCE-4B0EA3A47533}.Release|ARM.ActiveCfg = Release|ARM
		{5A5CE693-A67D-4B28-8DCE-4B0EA3A47533}.Release|ARM.Build.0 = Release|ARM
		{5A5CE693-A67D-4B28-8DCE-4B0EA3A47533}.Release|ARM.Deploy.0 = Release|ARM
		{5A5CE693-A67D-4B28-8DCE-4B0EA3A47533}.Release|ARM64.ActiveCfg = Release|ARM64
		{5A5CE693-A67D-4B28-8DCE-4B0EA3A47533}.Release|ARM64.Build.0 = Release|ARM64
		{5A5CE693-A67D-4B28-8DCE-4B0EA3A47533}.Release|ARM64.Deploy.0 = Release|ARM64
		{5A5CE693-A67D-4B28-8DCE-4B0EA3A47533}.Release|x64.ActiveCfg = Release|x64
		{5A5CE693-A67D-4B28-8DCE-4B0EA3A47533}.Release|x64.Build.0 = Release|x64
		{5A5CE693-A67D-4B28-8DCE-4B0EA3A47533}.Release|x64.Deploy.0 = Release|x64
		{5A5CE693-A67D-4B28-8DCE-4B0EA3A47533}.Release|x86.ActiveCfg = Release|x86
		{5A5CE693-A67D-4B28-8DCE-4B0EA3A47533}.Release|x86.Build.0 = Release|x86
		{5A5CE693-A67D-4B28-8DCE-4B0EA3A47533}.Release|x86.Deploy.0 = Release|x86
		{5A5CE693-A67D-4B28-8DCE-4B0EA3A47533}.Release-Stable|Any CPU.ActiveCfg = Release|x64
		{5A5CE693-A67D-4B28-8DCE-4B0EA3A47533}.Release-Stable|Any CPU.Build.0 = Release|x64
		{5A5CE693-A67D-4B28-8DCE-4B0EA3A47533}.Release-Stable|Any CPU.Deploy.0 = Release|x64
		{5A5CE693-A67D-4B28-8DCE-4B0EA3A47533}.Release-Stable|ARM.ActiveCfg = Release|ARM
		{5A5CE693-A67D-4B28-8DCE-4B0EA3A47533}.Release-Stable|ARM.Build.0 = Release|ARM
		{5A5CE693-A67D-4B28-8DCE-4B0EA3A47533}.Release-Stable|ARM.Deploy.0 = Release|ARM
		{5A5CE693-A67D-4B28-8DCE-4B0EA3A47533}.Release-Stable|ARM64.ActiveCfg = Release|ARM64
		{5A5CE693-A67D-4B28-8DCE-4B0EA3A47533}.Release-Stable|ARM64.Build.0 = Release|ARM64
		{5A5CE693-A67D-4B28-8DCE-4B0EA3A47533}.Release-Stable|ARM64.Deploy.0 = Release|ARM64
		{5A5CE693-A67D-4B28-8DCE-4B0EA3A47533}.Release-Stable|x64.ActiveCfg = Release|x64
		{5A5CE693-A67D-4B28-8DCE-4B0EA3A47533}.Release-Stable|x64.Build.0 = Release|x64
		{5A5CE693-A67D-4B28-8DCE-4B0EA3A47533}.Release-Stable|x64.Deploy.0 = Release|x64
		{5A5CE693-A67D-4B28-8DCE-4B0EA3A47533}.Release-Stable|x86.ActiveCfg = Release|x86
		{5A5CE693-A67D-4B28-8DCE-4B0EA3A47533}.Release-Stable|x86.Build.0 = Release|x86
		{5A5CE693-A67D-4B28-8DCE-4B0EA3A47533}.Release-Stable|x86.Deploy.0 = Release|x86
		{0C4B7830-1CAE-4EDC-BF92-526A50424157}.Debug|Any CPU.ActiveCfg = Debug|x86
		{0C4B7830-1CAE-4EDC-BF92-526A50424157}.Debug|ARM.ActiveCfg = Debug|ARM
		{0C4B7830-1CAE-4EDC-BF92-526A50424157}.Debug|ARM.Build.0 = Debug|ARM
		{0C4B7830-1CAE-4EDC-BF92-526A50424157}.Debug|ARM.Deploy.0 = Debug|ARM
		{0C4B7830-1CAE-4EDC-BF92-526A50424157}.Debug|ARM64.ActiveCfg = Debug|x86
		{0C4B7830-1CAE-4EDC-BF92-526A50424157}.Debug|x64.ActiveCfg = Debug|x64
		{0C4B7830-1CAE-4EDC-BF92-526A50424157}.Debug|x64.Build.0 = Debug|x64
		{0C4B7830-1CAE-4EDC-BF92-526A50424157}.Debug|x64.Deploy.0 = Debug|x64
		{0C4B7830-1CAE-4EDC-BF92-526A50424157}.Debug|x86.ActiveCfg = Debug|x86
		{0C4B7830-1CAE-4EDC-BF92-526A50424157}.Debug|x86.Build.0 = Debug|x86
		{0C4B7830-1CAE-4EDC-BF92-526A50424157}.Debug|x86.Deploy.0 = Debug|x86
		{0C4B7830-1CAE-4EDC-BF92-526A50424157}.Release|Any CPU.ActiveCfg = Release|x86
		{0C4B7830-1CAE-4EDC-BF92-526A50424157}.Release|ARM.ActiveCfg = Release|ARM
		{0C4B7830-1CAE-4EDC-BF92-526A50424157}.Release|ARM.Build.0 = Release|ARM
		{0C4B7830-1CAE-4EDC-BF92-526A50424157}.Release|ARM.Deploy.0 = Release|ARM
		{0C4B7830-1CAE-4EDC-BF92-526A50424157}.Release|ARM64.ActiveCfg = Release|x86
		{0C4B7830-1CAE-4EDC-BF92-526A50424157}.Release|x64.ActiveCfg = Release|x64
		{0C4B7830-1CAE-4EDC-BF92-526A50424157}.Release|x64.Build.0 = Release|x64
		{0C4B7830-1CAE-4EDC-BF92-526A50424157}.Release|x64.Deploy.0 = Release|x64
		{0C4B7830-1CAE-4EDC-BF92-526A50424157}.Release|x86.ActiveCfg = Release|x86
		{0C4B7830-1CAE-4EDC-BF92-526A50424157}.Release|x86.Build.0 = Release|x86
		{0C4B7830-1CAE-4EDC-BF92-526A50424157}.Release|x86.Deploy.0 = Release|x86
		{0C4B7830-1CAE-4EDC-BF92-526A50424157}.Release-Stable|Any CPU.ActiveCfg = Release|x64
		{0C4B7830-1CAE-4EDC-BF92-526A50424157}.Release-Stable|Any CPU.Build.0 = Release|x64
		{0C4B7830-1CAE-4EDC-BF92-526A50424157}.Release-Stable|Any CPU.Deploy.0 = Release|x64
		{0C4B7830-1CAE-4EDC-BF92-526A50424157}.Release-Stable|ARM.ActiveCfg = Release|ARM
		{0C4B7830-1CAE-4EDC-BF92-526A50424157}.Release-Stable|ARM.Build.0 = Release|ARM
		{0C4B7830-1CAE-4EDC-BF92-526A50424157}.Release-Stable|ARM.Deploy.0 = Release|ARM
		{0C4B7830-1CAE-4EDC-BF92-526A50424157}.Release-Stable|ARM64.ActiveCfg = Release|x64
		{0C4B7830-1CAE-4EDC-BF92-526A50424157}.Release-Stable|ARM64.Build.0 = Release|x64
		{0C4B7830-1CAE-4EDC-BF92-526A50424157}.Release-Stable|ARM64.Deploy.0 = Release|x64
		{0C4B7830-1CAE-4EDC-BF92-526A50424157}.Release-Stable|x64.ActiveCfg = Release|x64
		{0C4B7830-1CAE-4EDC-BF92-526A50424157}.Release-Stable|x64.Build.0 = Release|x64
		{0C4B7830-1CAE-4EDC-BF92-526A50424157}.Release-Stable|x64.Deploy.0 = Release|x64
		{0C4B7830-1CAE-4EDC-BF92-526A50424157}.Release-Stable|x86.ActiveCfg = Release|x86
		{0C4B7830-1CAE-4EDC-BF92-526A50424157}.Release-Stable|x86.Build.0 = Release|x86
		{0C4B7830-1CAE-4EDC-BF92-526A50424157}.Release-Stable|x86.Deploy.0 = Release|x86
		{94D3491C-8C2B-490F-9853-31FCB55DB415}.Debug|Any CPU.ActiveCfg = Debug|Any CPU
		{94D3491C-8C2B-490F-9853-31FCB55DB415}.Debug|Any CPU.Build.0 = Debug|Any CPU
		{94D3491C-8C2B-490F-9853-31FCB55DB415}.Debug|ARM.ActiveCfg = Debug|Any CPU
		{94D3491C-8C2B-490F-9853-31FCB55DB415}.Debug|ARM.Build.0 = Debug|Any CPU
		{94D3491C-8C2B-490F-9853-31FCB55DB415}.Debug|ARM64.ActiveCfg = Debug|Any CPU
		{94D3491C-8C2B-490F-9853-31FCB55DB415}.Debug|ARM64.Build.0 = Debug|Any CPU
		{94D3491C-8C2B-490F-9853-31FCB55DB415}.Debug|x64.ActiveCfg = Debug|Any CPU
		{94D3491C-8C2B-490F-9853-31FCB55DB415}.Debug|x64.Build.0 = Debug|Any CPU
		{94D3491C-8C2B-490F-9853-31FCB55DB415}.Debug|x86.ActiveCfg = Debug|Any CPU
		{94D3491C-8C2B-490F-9853-31FCB55DB415}.Debug|x86.Build.0 = Debug|Any CPU
		{94D3491C-8C2B-490F-9853-31FCB55DB415}.Release|Any CPU.ActiveCfg = Release|Any CPU
		{94D3491C-8C2B-490F-9853-31FCB55DB415}.Release|Any CPU.Build.0 = Release|Any CPU
		{94D3491C-8C2B-490F-9853-31FCB55DB415}.Release|ARM.ActiveCfg = Release|Any CPU
		{94D3491C-8C2B-490F-9853-31FCB55DB415}.Release|ARM.Build.0 = Release|Any CPU
		{94D3491C-8C2B-490F-9853-31FCB55DB415}.Release|ARM64.ActiveCfg = Release|Any CPU
		{94D3491C-8C2B-490F-9853-31FCB55DB415}.Release|ARM64.Build.0 = Release|Any CPU
		{94D3491C-8C2B-490F-9853-31FCB55DB415}.Release|x64.ActiveCfg = Release|Any CPU
		{94D3491C-8C2B-490F-9853-31FCB55DB415}.Release|x64.Build.0 = Release|Any CPU
		{94D3491C-8C2B-490F-9853-31FCB55DB415}.Release|x86.ActiveCfg = Release|Any CPU
		{94D3491C-8C2B-490F-9853-31FCB55DB415}.Release|x86.Build.0 = Release|Any CPU
		{94D3491C-8C2B-490F-9853-31FCB55DB415}.Release-Stable|Any CPU.ActiveCfg = Release|Any CPU
		{94D3491C-8C2B-490F-9853-31FCB55DB415}.Release-Stable|Any CPU.Build.0 = Release|Any CPU
		{94D3491C-8C2B-490F-9853-31FCB55DB415}.Release-Stable|ARM.ActiveCfg = Release|Any CPU
		{94D3491C-8C2B-490F-9853-31FCB55DB415}.Release-Stable|ARM.Build.0 = Release|Any CPU
		{94D3491C-8C2B-490F-9853-31FCB55DB415}.Release-Stable|ARM64.ActiveCfg = Release|Any CPU
		{94D3491C-8C2B-490F-9853-31FCB55DB415}.Release-Stable|ARM64.Build.0 = Release|Any CPU
		{94D3491C-8C2B-490F-9853-31FCB55DB415}.Release-Stable|x64.ActiveCfg = Release|Any CPU
		{94D3491C-8C2B-490F-9853-31FCB55DB415}.Release-Stable|x64.Build.0 = Release|Any CPU
		{94D3491C-8C2B-490F-9853-31FCB55DB415}.Release-Stable|x86.ActiveCfg = Release|Any CPU
		{94D3491C-8C2B-490F-9853-31FCB55DB415}.Release-Stable|x86.Build.0 = Release|Any CPU
	EndGlobalSection
	GlobalSection(SolutionProperties) = preSolution
		HideSolutionNode = FALSE
	EndGlobalSection
	GlobalSection(ExtensibilityGlobals) = postSolution
		SolutionGuid = {9A76437C-2C8E-404A-82A0-18F64D43CC8E}
	EndGlobalSection
EndGlobal
