
Microsoft Visual Studio Solution File, Format Version 12.00
# Visual Studio Version 16
VisualStudioVersion = 16.0.29324.140
MinimumVisualStudioVersion = 10.0.40219.1
Project("{9A19103F-16F7-4668-BE54-9A1E7A4F7556}") = "MpcNET", "MpcNET\MpcNET.csproj", "{8994C820-7BA9-4BB8-B9EA-C608B07C4A11}"
EndProject
Project("{9A19103F-16F7-4668-BE54-9A1E7A4F7556}") = "MpcNET.Test", "MpcNET.Test\MpcNET.Test.csproj", "{69F1D68F-9CD5-4EA6-9B47-2A7A9BF8CED9}"
EndProject
Project("{FAE04EC0-301F-11D3-BF4B-00C04F79EFBC}") = "FluentMPC", "FluentMPC\FluentMPC.csproj", "{5A5CE693-A67D-4B28-8DCE-4B0EA3A47533}"
EndProject
Project("{FAE04EC0-301F-11D3-BF4B-00C04F79EFBC}") = "FluentMPC.Tests.MSTest", "FluentMPC.Tests.MSTest\FluentMPC.Tests.MSTest.csproj", "{0C4B7830-1CAE-4EDC-BF92-526A50424157}"
EndProject
Project("{2150E333-8FDC-42A3-9474-1A3956D46DE8}") = "Platforms", "Platforms", "{79FC678E-2FA6-4E48-B6F7-F1258C615B46}"
EndProject
Project("{FAE04EC0-301F-11D3-BF4B-00C04F79EFBC}") = "Stylophone.UWP", "Stylophone\Stylophone.UWP\Stylophone.UWP.csproj", "{C91610C0-078C-473B-AD18-DF10EB49BB89}"
EndProject
Project("{9A19103F-16F7-4668-BE54-9A1E7A4F7556}") = "Stylophone.Wasm", "Stylophone\Stylophone.Wasm\Stylophone.Wasm.csproj", "{0EA5D031-1C34-44DF-96DF-5D644FCB6FF6}"
EndProject
Project("{9A19103F-16F7-4668-BE54-9A1E7A4F7556}") = "Stylophone.Skia.Wpf.Host", "Stylophone\Stylophone.Skia.Wpf.Host\Stylophone.Skia.Wpf.Host.csproj", "{C55F32A9-4842-4E99-B4E1-17DB612A5B2E}"
EndProject
Project("{9A19103F-16F7-4668-BE54-9A1E7A4F7556}") = "Stylophone.Skia.Wpf", "Stylophone\Stylophone.Skia.Wpf\Stylophone.Skia.Wpf.csproj", "{A03A2D07-F29E-46ED-AEFD-58A7F848D45F}"
EndProject
Project("{FAE04EC0-301F-11D3-BF4B-00C04F79EFBC}") = "Stylophone.Skia.Gtk", "Stylophone\Stylophone.Skia.Gtk\Stylophone.Skia.Gtk.csproj", "{7265FCE0-0CA4-496D-9D34-636B7CDDFECF}"
EndProject
Project("{FAE04EC0-301F-11D3-BF4B-00C04F79EFBC}") = "Stylophone.Skia.Tizen", "Stylophone\Stylophone.Skia.Tizen\Stylophone.Skia.Tizen.csproj", "{9A41E764-05DC-4533-8EF6-47602833F527}"
EndProject
Project("{D954291E-2A0B-460D-934E-DC6B0785DB48}") = "Stylophone.Shared", "Stylophone\Stylophone.Shared\Stylophone.Shared.shproj", "{6279C845-92F8-4333-AB99-3D213163593C}"
EndProject
Global
	GlobalSection(SharedMSBuildProjectFiles) = preSolution
		Stylophone\Stylophone.Shared\Stylophone.Shared.projitems*{0ea5d031-1c34-44df-96df-5d644fcb6ff6}*SharedItemsImports = 5
		Stylophone\Stylophone.Shared\Stylophone.Shared.projitems*{6279c845-92f8-4333-ab99-3d213163593c}*SharedItemsImports = 13
		Stylophone\Stylophone.Shared\Stylophone.Shared.projitems*{7265fce0-0ca4-496d-9d34-636b7cddfecf}*SharedItemsImports = 5
		Stylophone\Stylophone.Shared\Stylophone.Shared.projitems*{9a41e764-05dc-4533-8ef6-47602833f527}*SharedItemsImports = 5
		Stylophone\Stylophone.Shared\Stylophone.Shared.projitems*{a03a2d07-f29e-46ed-aefd-58a7f848d45f}*SharedItemsImports = 5
		Stylophone\Stylophone.Shared\Stylophone.Shared.projitems*{c91610c0-078c-473b-ad18-df10eb49bb89}*SharedItemsImports = 4
	EndGlobalSection
	GlobalSection(SolutionConfigurationPlatforms) = preSolution
		Debug|Any CPU = Debug|Any CPU
		Debug|ARM = Debug|ARM
		Debug|ARM64 = Debug|ARM64
		Debug|x64 = Debug|x64
		Debug|x86 = Debug|x86
		Release|Any CPU = Release|Any CPU
		Release|ARM = Release|ARM
		Release|ARM64 = Release|ARM64
		Release|x64 = Release|x64
		Release|x86 = Release|x86
		Release-Stable|Any CPU = Release-Stable|Any CPU
		Release-Stable|ARM = Release-Stable|ARM
		Release-Stable|ARM64 = Release-Stable|ARM64
		Release-Stable|x64 = Release-Stable|x64
		Release-Stable|x86 = Release-Stable|x86
	EndGlobalSection
	GlobalSection(ProjectConfigurationPlatforms) = postSolution
		{8994C820-7BA9-4BB8-B9EA-C608B07C4A11}.Debug|Any CPU.ActiveCfg = Debug|Any CPU
		{8994C820-7BA9-4BB8-B9EA-C608B07C4A11}.Debug|Any CPU.Build.0 = Debug|Any CPU
		{8994C820-7BA9-4BB8-B9EA-C608B07C4A11}.Debug|ARM.ActiveCfg = Debug|Any CPU
		{8994C820-7BA9-4BB8-B9EA-C608B07C4A11}.Debug|ARM.Build.0 = Debug|Any CPU
		{8994C820-7BA9-4BB8-B9EA-C608B07C4A11}.Debug|ARM64.ActiveCfg = Debug|Any CPU
		{8994C820-7BA9-4BB8-B9EA-C608B07C4A11}.Debug|ARM64.Build.0 = Debug|Any CPU
		{8994C820-7BA9-4BB8-B9EA-C608B07C4A11}.Debug|x64.ActiveCfg = Debug|Any CPU
		{8994C820-7BA9-4BB8-B9EA-C608B07C4A11}.Debug|x64.Build.0 = Debug|Any CPU
		{8994C820-7BA9-4BB8-B9EA-C608B07C4A11}.Debug|x86.ActiveCfg = Debug|Any CPU
		{8994C820-7BA9-4BB8-B9EA-C608B07C4A11}.Debug|x86.Build.0 = Debug|Any CPU
		{8994C820-7BA9-4BB8-B9EA-C608B07C4A11}.Release|Any CPU.ActiveCfg = Release|Any CPU
		{8994C820-7BA9-4BB8-B9EA-C608B07C4A11}.Release|Any CPU.Build.0 = Release|Any CPU
		{8994C820-7BA9-4BB8-B9EA-C608B07C4A11}.Release|ARM.ActiveCfg = Release|Any CPU
		{8994C820-7BA9-4BB8-B9EA-C608B07C4A11}.Release|ARM.Build.0 = Release|Any CPU
		{8994C820-7BA9-4BB8-B9EA-C608B07C4A11}.Release|ARM64.ActiveCfg = Release|Any CPU
		{8994C820-7BA9-4BB8-B9EA-C608B07C4A11}.Release|ARM64.Build.0 = Release|Any CPU
		{8994C820-7BA9-4BB8-B9EA-C608B07C4A11}.Release|x64.ActiveCfg = Release|Any CPU
		{8994C820-7BA9-4BB8-B9EA-C608B07C4A11}.Release|x64.Build.0 = Release|Any CPU
		{8994C820-7BA9-4BB8-B9EA-C608B07C4A11}.Release|x86.ActiveCfg = Release|Any CPU
		{8994C820-7BA9-4BB8-B9EA-C608B07C4A11}.Release|x86.Build.0 = Release|Any CPU
		{8994C820-7BA9-4BB8-B9EA-C608B07C4A11}.Release-Stable|Any CPU.ActiveCfg = Release-Stable|Any CPU
		{8994C820-7BA9-4BB8-B9EA-C608B07C4A11}.Release-Stable|Any CPU.Build.0 = Release-Stable|Any CPU
		{8994C820-7BA9-4BB8-B9EA-C608B07C4A11}.Release-Stable|ARM.ActiveCfg = Release-Stable|Any CPU
		{8994C820-7BA9-4BB8-B9EA-C608B07C4A11}.Release-Stable|ARM.Build.0 = Release-Stable|Any CPU
		{8994C820-7BA9-4BB8-B9EA-C608B07C4A11}.Release-Stable|ARM64.ActiveCfg = Release-Stable|Any CPU
		{8994C820-7BA9-4BB8-B9EA-C608B07C4A11}.Release-Stable|ARM64.Build.0 = Release-Stable|Any CPU
		{8994C820-7BA9-4BB8-B9EA-C608B07C4A11}.Release-Stable|x64.ActiveCfg = Release-Stable|Any CPU
		{8994C820-7BA9-4BB8-B9EA-C608B07C4A11}.Release-Stable|x64.Build.0 = Release-Stable|Any CPU
		{8994C820-7BA9-4BB8-B9EA-C608B07C4A11}.Release-Stable|x86.ActiveCfg = Release-Stable|Any CPU
		{8994C820-7BA9-4BB8-B9EA-C608B07C4A11}.Release-Stable|x86.Build.0 = Release-Stable|Any CPU
		{69F1D68F-9CD5-4EA6-9B47-2A7A9BF8CED9}.Debug|Any CPU.ActiveCfg = Debug|Any CPU
		{69F1D68F-9CD5-4EA6-9B47-2A7A9BF8CED9}.Debug|Any CPU.Build.0 = Debug|Any CPU
		{69F1D68F-9CD5-4EA6-9B47-2A7A9BF8CED9}.Debug|ARM.ActiveCfg = Debug|Any CPU
		{69F1D68F-9CD5-4EA6-9B47-2A7A9BF8CED9}.Debug|ARM.Build.0 = Debug|Any CPU
		{69F1D68F-9CD5-4EA6-9B47-2A7A9BF8CED9}.Debug|ARM64.ActiveCfg = Debug|Any CPU
		{69F1D68F-9CD5-4EA6-9B47-2A7A9BF8CED9}.Debug|ARM64.Build.0 = Debug|Any CPU
		{69F1D68F-9CD5-4EA6-9B47-2A7A9BF8CED9}.Debug|x64.ActiveCfg = Debug|Any CPU
		{69F1D68F-9CD5-4EA6-9B47-2A7A9BF8CED9}.Debug|x64.Build.0 = Debug|Any CPU
		{69F1D68F-9CD5-4EA6-9B47-2A7A9BF8CED9}.Debug|x86.ActiveCfg = Debug|Any CPU
		{69F1D68F-9CD5-4EA6-9B47-2A7A9BF8CED9}.Debug|x86.Build.0 = Debug|Any CPU
		{69F1D68F-9CD5-4EA6-9B47-2A7A9BF8CED9}.Release|Any CPU.ActiveCfg = Release|Any CPU
		{69F1D68F-9CD5-4EA6-9B47-2A7A9BF8CED9}.Release|Any CPU.Build.0 = Release|Any CPU
		{69F1D68F-9CD5-4EA6-9B47-2A7A9BF8CED9}.Release|ARM.ActiveCfg = Release|Any CPU
		{69F1D68F-9CD5-4EA6-9B47-2A7A9BF8CED9}.Release|ARM.Build.0 = Release|Any CPU
		{69F1D68F-9CD5-4EA6-9B47-2A7A9BF8CED9}.Release|ARM64.ActiveCfg = Release|Any CPU
		{69F1D68F-9CD5-4EA6-9B47-2A7A9BF8CED9}.Release|ARM64.Build.0 = Release|Any CPU
		{69F1D68F-9CD5-4EA6-9B47-2A7A9BF8CED9}.Release|x64.ActiveCfg = Release|Any CPU
		{69F1D68F-9CD5-4EA6-9B47-2A7A9BF8CED9}.Release|x64.Build.0 = Release|Any CPU
		{69F1D68F-9CD5-4EA6-9B47-2A7A9BF8CED9}.Release|x86.ActiveCfg = Release|Any CPU
		{69F1D68F-9CD5-4EA6-9B47-2A7A9BF8CED9}.Release|x86.Build.0 = Release|Any CPU
		{69F1D68F-9CD5-4EA6-9B47-2A7A9BF8CED9}.Release-Stable|Any CPU.ActiveCfg = Release|Any CPU
		{69F1D68F-9CD5-4EA6-9B47-2A7A9BF8CED9}.Release-Stable|Any CPU.Build.0 = Release|Any CPU
		{69F1D68F-9CD5-4EA6-9B47-2A7A9BF8CED9}.Release-Stable|ARM.ActiveCfg = Release|Any CPU
		{69F1D68F-9CD5-4EA6-9B47-2A7A9BF8CED9}.Release-Stable|ARM.Build.0 = Release|Any CPU
		{69F1D68F-9CD5-4EA6-9B47-2A7A9BF8CED9}.Release-Stable|ARM64.ActiveCfg = Release|Any CPU
		{69F1D68F-9CD5-4EA6-9B47-2A7A9BF8CED9}.Release-Stable|ARM64.Build.0 = Release|Any CPU
		{69F1D68F-9CD5-4EA6-9B47-2A7A9BF8CED9}.Release-Stable|x64.ActiveCfg = Release|Any CPU
		{69F1D68F-9CD5-4EA6-9B47-2A7A9BF8CED9}.Release-Stable|x64.Build.0 = Release|Any CPU
		{69F1D68F-9CD5-4EA6-9B47-2A7A9BF8CED9}.Release-Stable|x86.ActiveCfg = Release|Any CPU
		{69F1D68F-9CD5-4EA6-9B47-2A7A9BF8CED9}.Release-Stable|x86.Build.0 = Release|Any CPU
		{5A5CE693-A67D-4B28-8DCE-4B0EA3A47533}.Debug|Any CPU.ActiveCfg = Debug|x86
		{5A5CE693-A67D-4B28-8DCE-4B0EA3A47533}.Debug|ARM.ActiveCfg = Debug|ARM
		{5A5CE693-A67D-4B28-8DCE-4B0EA3A47533}.Debug|ARM.Build.0 = Debug|ARM
		{5A5CE693-A67D-4B28-8DCE-4B0EA3A47533}.Debug|ARM.Deploy.0 = Debug|ARM
		{5A5CE693-A67D-4B28-8DCE-4B0EA3A47533}.Debug|ARM64.ActiveCfg = Debug|ARM64
		{5A5CE693-A67D-4B28-8DCE-4B0EA3A47533}.Debug|ARM64.Build.0 = Debug|ARM64
		{5A5CE693-A67D-4B28-8DCE-4B0EA3A47533}.Debug|ARM64.Deploy.0 = Debug|ARM64
		{5A5CE693-A67D-4B28-8DCE-4B0EA3A47533}.Debug|x64.ActiveCfg = Debug|x64
		{5A5CE693-A67D-4B28-8DCE-4B0EA3A47533}.Debug|x64.Build.0 = Debug|x64
		{5A5CE693-A67D-4B28-8DCE-4B0EA3A47533}.Debug|x64.Deploy.0 = Debug|x64
		{5A5CE693-A67D-4B28-8DCE-4B0EA3A47533}.Debug|x86.ActiveCfg = Debug|x86
		{5A5CE693-A67D-4B28-8DCE-4B0EA3A47533}.Debug|x86.Build.0 = Debug|x86
		{5A5CE693-A67D-4B28-8DCE-4B0EA3A47533}.Debug|x86.Deploy.0 = Debug|x86
		{5A5CE693-A67D-4B28-8DCE-4B0EA3A47533}.Release|Any CPU.ActiveCfg = Release|x86
		{5A5CE693-A67D-4B28-8DCE-4B0EA3A47533}.Release|ARM.ActiveCfg = Release|ARM
		{5A5CE693-A67D-4B28-8DCE-4B0EA3A47533}.Release|ARM.Build.0 = Release|ARM
		{5A5CE693-A67D-4B28-8DCE-4B0EA3A47533}.Release|ARM.Deploy.0 = Release|ARM
		{5A5CE693-A67D-4B28-8DCE-4B0EA3A47533}.Release|ARM64.ActiveCfg = Release|ARM64
		{5A5CE693-A67D-4B28-8DCE-4B0EA3A47533}.Release|ARM64.Build.0 = Release|ARM64
		{5A5CE693-A67D-4B28-8DCE-4B0EA3A47533}.Release|ARM64.Deploy.0 = Release|ARM64
		{5A5CE693-A67D-4B28-8DCE-4B0EA3A47533}.Release|x64.ActiveCfg = Release|x64
		{5A5CE693-A67D-4B28-8DCE-4B0EA3A47533}.Release|x64.Build.0 = Release|x64
		{5A5CE693-A67D-4B28-8DCE-4B0EA3A47533}.Release|x64.Deploy.0 = Release|x64
		{5A5CE693-A67D-4B28-8DCE-4B0EA3A47533}.Release|x86.ActiveCfg = Release|x86
		{5A5CE693-A67D-4B28-8DCE-4B0EA3A47533}.Release|x86.Build.0 = Release|x86
		{5A5CE693-A67D-4B28-8DCE-4B0EA3A47533}.Release|x86.Deploy.0 = Release|x86
		{5A5CE693-A67D-4B28-8DCE-4B0EA3A47533}.Release-Stable|Any CPU.ActiveCfg = Release|x64
		{5A5CE693-A67D-4B28-8DCE-4B0EA3A47533}.Release-Stable|Any CPU.Build.0 = Release|x64
		{5A5CE693-A67D-4B28-8DCE-4B0EA3A47533}.Release-Stable|Any CPU.Deploy.0 = Release|x64
		{5A5CE693-A67D-4B28-8DCE-4B0EA3A47533}.Release-Stable|ARM.ActiveCfg = Release|ARM
		{5A5CE693-A67D-4B28-8DCE-4B0EA3A47533}.Release-Stable|ARM.Build.0 = Release|ARM
		{5A5CE693-A67D-4B28-8DCE-4B0EA3A47533}.Release-Stable|ARM.Deploy.0 = Release|ARM
		{5A5CE693-A67D-4B28-8DCE-4B0EA3A47533}.Release-Stable|ARM64.ActiveCfg = Release|ARM64
		{5A5CE693-A67D-4B28-8DCE-4B0EA3A47533}.Release-Stable|ARM64.Build.0 = Release|ARM64
		{5A5CE693-A67D-4B28-8DCE-4B0EA3A47533}.Release-Stable|ARM64.Deploy.0 = Release|ARM64
		{5A5CE693-A67D-4B28-8DCE-4B0EA3A47533}.Release-Stable|x64.ActiveCfg = Release|x64
		{5A5CE693-A67D-4B28-8DCE-4B0EA3A47533}.Release-Stable|x64.Build.0 = Release|x64
		{5A5CE693-A67D-4B28-8DCE-4B0EA3A47533}.Release-Stable|x64.Deploy.0 = Release|x64
		{5A5CE693-A67D-4B28-8DCE-4B0EA3A47533}.Release-Stable|x86.ActiveCfg = Release|x86
		{5A5CE693-A67D-4B28-8DCE-4B0EA3A47533}.Release-Stable|x86.Build.0 = Release|x86
		{5A5CE693-A67D-4B28-8DCE-4B0EA3A47533}.Release-Stable|x86.Deploy.0 = Release|x86
		{0C4B7830-1CAE-4EDC-BF92-526A50424157}.Debug|Any CPU.ActiveCfg = Debug|x86
		{0C4B7830-1CAE-4EDC-BF92-526A50424157}.Debug|ARM.ActiveCfg = Debug|ARM
		{0C4B7830-1CAE-4EDC-BF92-526A50424157}.Debug|ARM.Build.0 = Debug|ARM
		{0C4B7830-1CAE-4EDC-BF92-526A50424157}.Debug|ARM.Deploy.0 = Debug|ARM
		{0C4B7830-1CAE-4EDC-BF92-526A50424157}.Debug|ARM64.ActiveCfg = Debug|x86
		{0C4B7830-1CAE-4EDC-BF92-526A50424157}.Debug|x64.ActiveCfg = Debug|x64
		{0C4B7830-1CAE-4EDC-BF92-526A50424157}.Debug|x64.Build.0 = Debug|x64
		{0C4B7830-1CAE-4EDC-BF92-526A50424157}.Debug|x64.Deploy.0 = Debug|x64
		{0C4B7830-1CAE-4EDC-BF92-526A50424157}.Debug|x86.ActiveCfg = Debug|x86
		{0C4B7830-1CAE-4EDC-BF92-526A50424157}.Debug|x86.Build.0 = Debug|x86
		{0C4B7830-1CAE-4EDC-BF92-526A50424157}.Debug|x86.Deploy.0 = Debug|x86
		{0C4B7830-1CAE-4EDC-BF92-526A50424157}.Release|Any CPU.ActiveCfg = Release|x86
		{0C4B7830-1CAE-4EDC-BF92-526A50424157}.Release|ARM.ActiveCfg = Release|ARM
		{0C4B7830-1CAE-4EDC-BF92-526A50424157}.Release|ARM.Build.0 = Release|ARM
		{0C4B7830-1CAE-4EDC-BF92-526A50424157}.Release|ARM.Deploy.0 = Release|ARM
		{0C4B7830-1CAE-4EDC-BF92-526A50424157}.Release|ARM64.ActiveCfg = Release|x86
		{0C4B7830-1CAE-4EDC-BF92-526A50424157}.Release|x64.ActiveCfg = Release|x64
		{0C4B7830-1CAE-4EDC-BF92-526A50424157}.Release|x64.Build.0 = Release|x64
		{0C4B7830-1CAE-4EDC-BF92-526A50424157}.Release|x64.Deploy.0 = Release|x64
		{0C4B7830-1CAE-4EDC-BF92-526A50424157}.Release|x86.ActiveCfg = Release|x86
		{0C4B7830-1CAE-4EDC-BF92-526A50424157}.Release|x86.Build.0 = Release|x86
		{0C4B7830-1CAE-4EDC-BF92-526A50424157}.Release|x86.Deploy.0 = Release|x86
		{0C4B7830-1CAE-4EDC-BF92-526A50424157}.Release-Stable|Any CPU.ActiveCfg = Release|x64
		{0C4B7830-1CAE-4EDC-BF92-526A50424157}.Release-Stable|Any CPU.Build.0 = Release|x64
		{0C4B7830-1CAE-4EDC-BF92-526A50424157}.Release-Stable|Any CPU.Deploy.0 = Release|x64
		{0C4B7830-1CAE-4EDC-BF92-526A50424157}.Release-Stable|ARM.ActiveCfg = Release|ARM
		{0C4B7830-1CAE-4EDC-BF92-526A50424157}.Release-Stable|ARM.Build.0 = Release|ARM
		{0C4B7830-1CAE-4EDC-BF92-526A50424157}.Release-Stable|ARM.Deploy.0 = Release|ARM
		{0C4B7830-1CAE-4EDC-BF92-526A50424157}.Release-Stable|ARM64.ActiveCfg = Release|x64
		{0C4B7830-1CAE-4EDC-BF92-526A50424157}.Release-Stable|ARM64.Build.0 = Release|x64
		{0C4B7830-1CAE-4EDC-BF92-526A50424157}.Release-Stable|ARM64.Deploy.0 = Release|x64
		{0C4B7830-1CAE-4EDC-BF92-526A50424157}.Release-Stable|x64.ActiveCfg = Release|x64
		{0C4B7830-1CAE-4EDC-BF92-526A50424157}.Release-Stable|x64.Build.0 = Release|x64
		{0C4B7830-1CAE-4EDC-BF92-526A50424157}.Release-Stable|x64.Deploy.0 = Release|x64
		{0C4B7830-1CAE-4EDC-BF92-526A50424157}.Release-Stable|x86.ActiveCfg = Release|x86
		{0C4B7830-1CAE-4EDC-BF92-526A50424157}.Release-Stable|x86.Build.0 = Release|x86
		{0C4B7830-1CAE-4EDC-BF92-526A50424157}.Release-Stable|x86.Deploy.0 = Release|x86
		{C91610C0-078C-473B-AD18-DF10EB49BB89}.Debug|Any CPU.ActiveCfg = Debug|x86
		{C91610C0-078C-473B-AD18-DF10EB49BB89}.Debug|ARM.ActiveCfg = Debug|ARM
		{C91610C0-078C-473B-AD18-DF10EB49BB89}.Debug|ARM.Build.0 = Debug|ARM
		{C91610C0-078C-473B-AD18-DF10EB49BB89}.Debug|ARM.Deploy.0 = Debug|ARM
		{C91610C0-078C-473B-AD18-DF10EB49BB89}.Debug|ARM64.ActiveCfg = Debug|ARM64
		{C91610C0-078C-473B-AD18-DF10EB49BB89}.Debug|ARM64.Build.0 = Debug|ARM64
		{C91610C0-078C-473B-AD18-DF10EB49BB89}.Debug|ARM64.Deploy.0 = Debug|ARM64
		{C91610C0-078C-473B-AD18-DF10EB49BB89}.Debug|x64.ActiveCfg = Debug|x64
		{C91610C0-078C-473B-AD18-DF10EB49BB89}.Debug|x64.Build.0 = Debug|x64
		{C91610C0-078C-473B-AD18-DF10EB49BB89}.Debug|x64.Deploy.0 = Debug|x64
		{C91610C0-078C-473B-AD18-DF10EB49BB89}.Debug|x86.ActiveCfg = Debug|x86
		{C91610C0-078C-473B-AD18-DF10EB49BB89}.Debug|x86.Build.0 = Debug|x86
		{C91610C0-078C-473B-AD18-DF10EB49BB89}.Debug|x86.Deploy.0 = Debug|x86
		{C91610C0-078C-473B-AD18-DF10EB49BB89}.Release|Any CPU.ActiveCfg = Release|x86
		{C91610C0-078C-473B-AD18-DF10EB49BB89}.Release|ARM.ActiveCfg = Release|ARM
		{C91610C0-078C-473B-AD18-DF10EB49BB89}.Release|ARM.Build.0 = Release|ARM
		{C91610C0-078C-473B-AD18-DF10EB49BB89}.Release|ARM.Deploy.0 = Release|ARM
		{C91610C0-078C-473B-AD18-DF10EB49BB89}.Release|ARM64.ActiveCfg = Release|ARM64
		{C91610C0-078C-473B-AD18-DF10EB49BB89}.Release|ARM64.Build.0 = Release|ARM64
		{C91610C0-078C-473B-AD18-DF10EB49BB89}.Release|ARM64.Deploy.0 = Release|ARM64
		{C91610C0-078C-473B-AD18-DF10EB49BB89}.Release|x64.ActiveCfg = Release|x64
		{C91610C0-078C-473B-AD18-DF10EB49BB89}.Release|x64.Build.0 = Release|x64
		{C91610C0-078C-473B-AD18-DF10EB49BB89}.Release|x64.Deploy.0 = Release|x64
		{C91610C0-078C-473B-AD18-DF10EB49BB89}.Release|x86.ActiveCfg = Release|x86
		{C91610C0-078C-473B-AD18-DF10EB49BB89}.Release|x86.Build.0 = Release|x86
		{C91610C0-078C-473B-AD18-DF10EB49BB89}.Release|x86.Deploy.0 = Release|x86
		{C91610C0-078C-473B-AD18-DF10EB49BB89}.Release-Stable|Any CPU.ActiveCfg = Debug|x86
		{C91610C0-078C-473B-AD18-DF10EB49BB89}.Release-Stable|Any CPU.Build.0 = Debug|x86
		{C91610C0-078C-473B-AD18-DF10EB49BB89}.Release-Stable|Any CPU.Deploy.0 = Debug|x86
		{C91610C0-078C-473B-AD18-DF10EB49BB89}.Release-Stable|ARM.ActiveCfg = Release|ARM
		{C91610C0-078C-473B-AD18-DF10EB49BB89}.Release-Stable|ARM.Build.0 = Release|ARM
		{C91610C0-078C-473B-AD18-DF10EB49BB89}.Release-Stable|ARM.Deploy.0 = Release|ARM
		{C91610C0-078C-473B-AD18-DF10EB49BB89}.Release-Stable|ARM64.ActiveCfg = Release|ARM64
		{C91610C0-078C-473B-AD18-DF10EB49BB89}.Release-Stable|ARM64.Build.0 = Release|ARM64
		{C91610C0-078C-473B-AD18-DF10EB49BB89}.Release-Stable|ARM64.Deploy.0 = Release|ARM64
		{C91610C0-078C-473B-AD18-DF10EB49BB89}.Release-Stable|x64.ActiveCfg = Release|x64
		{C91610C0-078C-473B-AD18-DF10EB49BB89}.Release-Stable|x64.Build.0 = Release|x64
		{C91610C0-078C-473B-AD18-DF10EB49BB89}.Release-Stable|x64.Deploy.0 = Release|x64
		{C91610C0-078C-473B-AD18-DF10EB49BB89}.Release-Stable|x86.ActiveCfg = Release|x86
		{C91610C0-078C-473B-AD18-DF10EB49BB89}.Release-Stable|x86.Build.0 = Release|x86
		{C91610C0-078C-473B-AD18-DF10EB49BB89}.Release-Stable|x86.Deploy.0 = Release|x86
		{0EA5D031-1C34-44DF-96DF-5D644FCB6FF6}.Debug|Any CPU.ActiveCfg = Debug|Any CPU
		{0EA5D031-1C34-44DF-96DF-5D644FCB6FF6}.Debug|Any CPU.Build.0 = Debug|Any CPU
		{0EA5D031-1C34-44DF-96DF-5D644FCB6FF6}.Debug|ARM.ActiveCfg = Debug|Any CPU
		{0EA5D031-1C34-44DF-96DF-5D644FCB6FF6}.Debug|ARM.Build.0 = Debug|Any CPU
		{0EA5D031-1C34-44DF-96DF-5D644FCB6FF6}.Debug|ARM64.ActiveCfg = Debug|Any CPU
		{0EA5D031-1C34-44DF-96DF-5D644FCB6FF6}.Debug|ARM64.Build.0 = Debug|Any CPU
		{0EA5D031-1C34-44DF-96DF-5D644FCB6FF6}.Debug|x64.ActiveCfg = Debug|Any CPU
		{0EA5D031-1C34-44DF-96DF-5D644FCB6FF6}.Debug|x64.Build.0 = Debug|Any CPU
		{0EA5D031-1C34-44DF-96DF-5D644FCB6FF6}.Debug|x86.ActiveCfg = Debug|Any CPU
		{0EA5D031-1C34-44DF-96DF-5D644FCB6FF6}.Debug|x86.Build.0 = Debug|Any CPU
		{0EA5D031-1C34-44DF-96DF-5D644FCB6FF6}.Release|Any CPU.ActiveCfg = Release|Any CPU
		{0EA5D031-1C34-44DF-96DF-5D644FCB6FF6}.Release|Any CPU.Build.0 = Release|Any CPU
		{0EA5D031-1C34-44DF-96DF-5D644FCB6FF6}.Release|ARM.ActiveCfg = Release|Any CPU
		{0EA5D031-1C34-44DF-96DF-5D644FCB6FF6}.Release|ARM.Build.0 = Release|Any CPU
		{0EA5D031-1C34-44DF-96DF-5D644FCB6FF6}.Release|ARM64.ActiveCfg = Release|Any CPU
		{0EA5D031-1C34-44DF-96DF-5D644FCB6FF6}.Release|ARM64.Build.0 = Release|Any CPU
		{0EA5D031-1C34-44DF-96DF-5D644FCB6FF6}.Release|x64.ActiveCfg = Release|Any CPU
		{0EA5D031-1C34-44DF-96DF-5D644FCB6FF6}.Release|x64.Build.0 = Release|Any CPU
		{0EA5D031-1C34-44DF-96DF-5D644FCB6FF6}.Release|x86.ActiveCfg = Release|Any CPU
		{0EA5D031-1C34-44DF-96DF-5D644FCB6FF6}.Release|x86.Build.0 = Release|Any CPU
		{0EA5D031-1C34-44DF-96DF-5D644FCB6FF6}.Release-Stable|Any CPU.ActiveCfg = Release|Any CPU
		{0EA5D031-1C34-44DF-96DF-5D644FCB6FF6}.Release-Stable|Any CPU.Build.0 = Release|Any CPU
		{0EA5D031-1C34-44DF-96DF-5D644FCB6FF6}.Release-Stable|ARM.ActiveCfg = Release|Any CPU
		{0EA5D031-1C34-44DF-96DF-5D644FCB6FF6}.Release-Stable|ARM.Build.0 = Release|Any CPU
		{0EA5D031-1C34-44DF-96DF-5D644FCB6FF6}.Release-Stable|ARM64.ActiveCfg = Release|Any CPU
		{0EA5D031-1C34-44DF-96DF-5D644FCB6FF6}.Release-Stable|ARM64.Build.0 = Release|Any CPU
		{0EA5D031-1C34-44DF-96DF-5D644FCB6FF6}.Release-Stable|x64.ActiveCfg = Release|Any CPU
		{0EA5D031-1C34-44DF-96DF-5D644FCB6FF6}.Release-Stable|x64.Build.0 = Release|Any CPU
		{0EA5D031-1C34-44DF-96DF-5D644FCB6FF6}.Release-Stable|x86.ActiveCfg = Release|Any CPU
		{0EA5D031-1C34-44DF-96DF-5D644FCB6FF6}.Release-Stable|x86.Build.0 = Release|Any CPU
		{C55F32A9-4842-4E99-B4E1-17DB612A5B2E}.Debug|Any CPU.ActiveCfg = Debug|Any CPU
		{C55F32A9-4842-4E99-B4E1-17DB612A5B2E}.Debug|Any CPU.Build.0 = Debug|Any CPU
		{C55F32A9-4842-4E99-B4E1-17DB612A5B2E}.Debug|ARM.ActiveCfg = Debug|Any CPU
		{C55F32A9-4842-4E99-B4E1-17DB612A5B2E}.Debug|ARM.Build.0 = Debug|Any CPU
		{C55F32A9-4842-4E99-B4E1-17DB612A5B2E}.Debug|ARM64.ActiveCfg = Debug|Any CPU
		{C55F32A9-4842-4E99-B4E1-17DB612A5B2E}.Debug|ARM64.Build.0 = Debug|Any CPU
		{C55F32A9-4842-4E99-B4E1-17DB612A5B2E}.Debug|x64.ActiveCfg = Debug|Any CPU
		{C55F32A9-4842-4E99-B4E1-17DB612A5B2E}.Debug|x64.Build.0 = Debug|Any CPU
		{C55F32A9-4842-4E99-B4E1-17DB612A5B2E}.Debug|x86.ActiveCfg = Debug|Any CPU
		{C55F32A9-4842-4E99-B4E1-17DB612A5B2E}.Debug|x86.Build.0 = Debug|Any CPU
		{C55F32A9-4842-4E99-B4E1-17DB612A5B2E}.Release|Any CPU.ActiveCfg = Release|Any CPU
		{C55F32A9-4842-4E99-B4E1-17DB612A5B2E}.Release|Any CPU.Build.0 = Release|Any CPU
		{C55F32A9-4842-4E99-B4E1-17DB612A5B2E}.Release|ARM.ActiveCfg = Release|Any CPU
		{C55F32A9-4842-4E99-B4E1-17DB612A5B2E}.Release|ARM.Build.0 = Release|Any CPU
		{C55F32A9-4842-4E99-B4E1-17DB612A5B2E}.Release|ARM64.ActiveCfg = Release|Any CPU
		{C55F32A9-4842-4E99-B4E1-17DB612A5B2E}.Release|ARM64.Build.0 = Release|Any CPU
		{C55F32A9-4842-4E99-B4E1-17DB612A5B2E}.Release|x64.ActiveCfg = Release|Any CPU
		{C55F32A9-4842-4E99-B4E1-17DB612A5B2E}.Release|x64.Build.0 = Release|Any CPU
		{C55F32A9-4842-4E99-B4E1-17DB612A5B2E}.Release|x86.ActiveCfg = Release|Any CPU
		{C55F32A9-4842-4E99-B4E1-17DB612A5B2E}.Release|x86.Build.0 = Release|Any CPU
		{C55F32A9-4842-4E99-B4E1-17DB612A5B2E}.Release-Stable|Any CPU.ActiveCfg = Release|Any CPU
		{C55F32A9-4842-4E99-B4E1-17DB612A5B2E}.Release-Stable|Any CPU.Build.0 = Release|Any CPU
		{C55F32A9-4842-4E99-B4E1-17DB612A5B2E}.Release-Stable|ARM.ActiveCfg = Release|Any CPU
		{C55F32A9-4842-4E99-B4E1-17DB612A5B2E}.Release-Stable|ARM.Build.0 = Release|Any CPU
		{C55F32A9-4842-4E99-B4E1-17DB612A5B2E}.Release-Stable|ARM64.ActiveCfg = Release|Any CPU
		{C55F32A9-4842-4E99-B4E1-17DB612A5B2E}.Release-Stable|ARM64.Build.0 = Release|Any CPU
		{C55F32A9-4842-4E99-B4E1-17DB612A5B2E}.Release-Stable|x64.ActiveCfg = Release|Any CPU
		{C55F32A9-4842-4E99-B4E1-17DB612A5B2E}.Release-Stable|x64.Build.0 = Release|Any CPU
		{C55F32A9-4842-4E99-B4E1-17DB612A5B2E}.Release-Stable|x86.ActiveCfg = Release|Any CPU
		{C55F32A9-4842-4E99-B4E1-17DB612A5B2E}.Release-Stable|x86.Build.0 = Release|Any CPU
		{A03A2D07-F29E-46ED-AEFD-58A7F848D45F}.Debug|Any CPU.ActiveCfg = Debug|Any CPU
		{A03A2D07-F29E-46ED-AEFD-58A7F848D45F}.Debug|Any CPU.Build.0 = Debug|Any CPU
		{A03A2D07-F29E-46ED-AEFD-58A7F848D45F}.Debug|ARM.ActiveCfg = Debug|Any CPU
		{A03A2D07-F29E-46ED-AEFD-58A7F848D45F}.Debug|ARM.Build.0 = Debug|Any CPU
		{A03A2D07-F29E-46ED-AEFD-58A7F848D45F}.Debug|ARM64.ActiveCfg = Debug|Any CPU
		{A03A2D07-F29E-46ED-AEFD-58A7F848D45F}.Debug|ARM64.Build.0 = Debug|Any CPU
		{A03A2D07-F29E-46ED-AEFD-58A7F848D45F}.Debug|x64.ActiveCfg = Debug|Any CPU
		{A03A2D07-F29E-46ED-AEFD-58A7F848D45F}.Debug|x64.Build.0 = Debug|Any CPU
		{A03A2D07-F29E-46ED-AEFD-58A7F848D45F}.Debug|x86.ActiveCfg = Debug|Any CPU
		{A03A2D07-F29E-46ED-AEFD-58A7F848D45F}.Debug|x86.Build.0 = Debug|Any CPU
		{A03A2D07-F29E-46ED-AEFD-58A7F848D45F}.Release|Any CPU.ActiveCfg = Release|Any CPU
		{A03A2D07-F29E-46ED-AEFD-58A7F848D45F}.Release|Any CPU.Build.0 = Release|Any CPU
		{A03A2D07-F29E-46ED-AEFD-58A7F848D45F}.Release|ARM.ActiveCfg = Release|Any CPU
		{A03A2D07-F29E-46ED-AEFD-58A7F848D45F}.Release|ARM.Build.0 = Release|Any CPU
		{A03A2D07-F29E-46ED-AEFD-58A7F848D45F}.Release|ARM64.ActiveCfg = Release|Any CPU
		{A03A2D07-F29E-46ED-AEFD-58A7F848D45F}.Release|ARM64.Build.0 = Release|Any CPU
		{A03A2D07-F29E-46ED-AEFD-58A7F848D45F}.Release|x64.ActiveCfg = Release|Any CPU
		{A03A2D07-F29E-46ED-AEFD-58A7F848D45F}.Release|x64.Build.0 = Release|Any CPU
		{A03A2D07-F29E-46ED-AEFD-58A7F848D45F}.Release|x86.ActiveCfg = Release|Any CPU
		{A03A2D07-F29E-46ED-AEFD-58A7F848D45F}.Release|x86.Build.0 = Release|Any CPU
		{A03A2D07-F29E-46ED-AEFD-58A7F848D45F}.Release-Stable|Any CPU.ActiveCfg = Release|Any CPU
		{A03A2D07-F29E-46ED-AEFD-58A7F848D45F}.Release-Stable|Any CPU.Build.0 = Release|Any CPU
		{A03A2D07-F29E-46ED-AEFD-58A7F848D45F}.Release-Stable|ARM.ActiveCfg = Release|Any CPU
		{A03A2D07-F29E-46ED-AEFD-58A7F848D45F}.Release-Stable|ARM.Build.0 = Release|Any CPU
		{A03A2D07-F29E-46ED-AEFD-58A7F848D45F}.Release-Stable|ARM64.ActiveCfg = Release|Any CPU
		{A03A2D07-F29E-46ED-AEFD-58A7F848D45F}.Release-Stable|ARM64.Build.0 = Release|Any CPU
		{A03A2D07-F29E-46ED-AEFD-58A7F848D45F}.Release-Stable|x64.ActiveCfg = Release|Any CPU
		{A03A2D07-F29E-46ED-AEFD-58A7F848D45F}.Release-Stable|x64.Build.0 = Release|Any CPU
		{A03A2D07-F29E-46ED-AEFD-58A7F848D45F}.Release-Stable|x86.ActiveCfg = Release|Any CPU
		{A03A2D07-F29E-46ED-AEFD-58A7F848D45F}.Release-Stable|x86.Build.0 = Release|Any CPU
		{7265FCE0-0CA4-496D-9D34-636B7CDDFECF}.Debug|Any CPU.ActiveCfg = Debug|Any CPU
		{7265FCE0-0CA4-496D-9D34-636B7CDDFECF}.Debug|Any CPU.Build.0 = Debug|Any CPU
		{7265FCE0-0CA4-496D-9D34-636B7CDDFECF}.Debug|ARM.ActiveCfg = Debug|Any CPU
		{7265FCE0-0CA4-496D-9D34-636B7CDDFECF}.Debug|ARM.Build.0 = Debug|Any CPU
		{7265FCE0-0CA4-496D-9D34-636B7CDDFECF}.Debug|ARM64.ActiveCfg = Debug|Any CPU
		{7265FCE0-0CA4-496D-9D34-636B7CDDFECF}.Debug|ARM64.Build.0 = Debug|Any CPU
		{7265FCE0-0CA4-496D-9D34-636B7CDDFECF}.Debug|x64.ActiveCfg = Debug|Any CPU
		{7265FCE0-0CA4-496D-9D34-636B7CDDFECF}.Debug|x64.Build.0 = Debug|Any CPU
		{7265FCE0-0CA4-496D-9D34-636B7CDDFECF}.Debug|x86.ActiveCfg = Debug|Any CPU
		{7265FCE0-0CA4-496D-9D34-636B7CDDFECF}.Debug|x86.Build.0 = Debug|Any CPU
		{7265FCE0-0CA4-496D-9D34-636B7CDDFECF}.Release|Any CPU.ActiveCfg = Release|Any CPU
		{7265FCE0-0CA4-496D-9D34-636B7CDDFECF}.Release|Any CPU.Build.0 = Release|Any CPU
		{7265FCE0-0CA4-496D-9D34-636B7CDDFECF}.Release|ARM.ActiveCfg = Release|Any CPU
		{7265FCE0-0CA4-496D-9D34-636B7CDDFECF}.Release|ARM.Build.0 = Release|Any CPU
		{7265FCE0-0CA4-496D-9D34-636B7CDDFECF}.Release|ARM64.ActiveCfg = Release|Any CPU
		{7265FCE0-0CA4-496D-9D34-636B7CDDFECF}.Release|ARM64.Build.0 = Release|Any CPU
		{7265FCE0-0CA4-496D-9D34-636B7CDDFECF}.Release|x64.ActiveCfg = Release|Any CPU
		{7265FCE0-0CA4-496D-9D34-636B7CDDFECF}.Release|x64.Build.0 = Release|Any CPU
		{7265FCE0-0CA4-496D-9D34-636B7CDDFECF}.Release|x86.ActiveCfg = Release|Any CPU
		{7265FCE0-0CA4-496D-9D34-636B7CDDFECF}.Release|x86.Build.0 = Release|Any CPU
		{7265FCE0-0CA4-496D-9D34-636B7CDDFECF}.Release-Stable|Any CPU.ActiveCfg = Release|Any CPU
		{7265FCE0-0CA4-496D-9D34-636B7CDDFECF}.Release-Stable|Any CPU.Build.0 = Release|Any CPU
		{7265FCE0-0CA4-496D-9D34-636B7CDDFECF}.Release-Stable|ARM.ActiveCfg = Release|Any CPU
		{7265FCE0-0CA4-496D-9D34-636B7CDDFECF}.Release-Stable|ARM.Build.0 = Release|Any CPU
		{7265FCE0-0CA4-496D-9D34-636B7CDDFECF}.Release-Stable|ARM64.ActiveCfg = Release|Any CPU
		{7265FCE0-0CA4-496D-9D34-636B7CDDFECF}.Release-Stable|ARM64.Build.0 = Release|Any CPU
		{7265FCE0-0CA4-496D-9D34-636B7CDDFECF}.Release-Stable|x64.ActiveCfg = Release|Any CPU
		{7265FCE0-0CA4-496D-9D34-636B7CDDFECF}.Release-Stable|x64.Build.0 = Release|Any CPU
		{7265FCE0-0CA4-496D-9D34-636B7CDDFECF}.Release-Stable|x86.ActiveCfg = Release|Any CPU
		{7265FCE0-0CA4-496D-9D34-636B7CDDFECF}.Release-Stable|x86.Build.0 = Release|Any CPU
		{9A41E764-05DC-4533-8EF6-47602833F527}.Debug|Any CPU.ActiveCfg = Debug|Any CPU
		{9A41E764-05DC-4533-8EF6-47602833F527}.Debug|Any CPU.Build.0 = Debug|Any CPU
		{9A41E764-05DC-4533-8EF6-47602833F527}.Debug|ARM.ActiveCfg = Debug|Any CPU
		{9A41E764-05DC-4533-8EF6-47602833F527}.Debug|ARM.Build.0 = Debug|Any CPU
		{9A41E764-05DC-4533-8EF6-47602833F527}.Debug|ARM64.ActiveCfg = Debug|Any CPU
		{9A41E764-05DC-4533-8EF6-47602833F527}.Debug|ARM64.Build.0 = Debug|Any CPU
		{9A41E764-05DC-4533-8EF6-47602833F527}.Debug|x64.ActiveCfg = Debug|Any CPU
		{9A41E764-05DC-4533-8EF6-47602833F527}.Debug|x64.Build.0 = Debug|Any CPU
		{9A41E764-05DC-4533-8EF6-47602833F527}.Debug|x86.ActiveCfg = Debug|Any CPU
		{9A41E764-05DC-4533-8EF6-47602833F527}.Debug|x86.Build.0 = Debug|Any CPU
		{9A41E764-05DC-4533-8EF6-47602833F527}.Release|Any CPU.ActiveCfg = Release|Any CPU
		{9A41E764-05DC-4533-8EF6-47602833F527}.Release|Any CPU.Build.0 = Release|Any CPU
		{9A41E764-05DC-4533-8EF6-47602833F527}.Release|ARM.ActiveCfg = Release|Any CPU
		{9A41E764-05DC-4533-8EF6-47602833F527}.Release|ARM.Build.0 = Release|Any CPU
		{9A41E764-05DC-4533-8EF6-47602833F527}.Release|ARM64.ActiveCfg = Release|Any CPU
		{9A41E764-05DC-4533-8EF6-47602833F527}.Release|ARM64.Build.0 = Release|Any CPU
		{9A41E764-05DC-4533-8EF6-47602833F527}.Release|x64.ActiveCfg = Release|Any CPU
		{9A41E764-05DC-4533-8EF6-47602833F527}.Release|x64.Build.0 = Release|Any CPU
		{9A41E764-05DC-4533-8EF6-47602833F527}.Release|x86.ActiveCfg = Release|Any CPU
		{9A41E764-05DC-4533-8EF6-47602833F527}.Release|x86.Build.0 = Release|Any CPU
		{9A41E764-05DC-4533-8EF6-47602833F527}.Release-Stable|Any CPU.ActiveCfg = Release|Any CPU
		{9A41E764-05DC-4533-8EF6-47602833F527}.Release-Stable|Any CPU.Build.0 = Release|Any CPU
		{9A41E764-05DC-4533-8EF6-47602833F527}.Release-Stable|ARM.ActiveCfg = Release|Any CPU
		{9A41E764-05DC-4533-8EF6-47602833F527}.Release-Stable|ARM.Build.0 = Release|Any CPU
		{9A41E764-05DC-4533-8EF6-47602833F527}.Release-Stable|ARM64.ActiveCfg = Release|Any CPU
		{9A41E764-05DC-4533-8EF6-47602833F527}.Release-Stable|ARM64.Build.0 = Release|Any CPU
		{9A41E764-05DC-4533-8EF6-47602833F527}.Release-Stable|x64.ActiveCfg = Release|Any CPU
		{9A41E764-05DC-4533-8EF6-47602833F527}.Release-Stable|x64.Build.0 = Release|Any CPU
		{9A41E764-05DC-4533-8EF6-47602833F527}.Release-Stable|x86.ActiveCfg = Release|Any CPU
		{9A41E764-05DC-4533-8EF6-47602833F527}.Release-Stable|x86.Build.0 = Release|Any CPU
	EndGlobalSection
	GlobalSection(SolutionProperties) = preSolution
		HideSolutionNode = FALSE
	EndGlobalSection
	GlobalSection(NestedProjects) = preSolution
		{C91610C0-078C-473B-AD18-DF10EB49BB89} = {79FC678E-2FA6-4E48-B6F7-F1258C615B46}
		{0EA5D031-1C34-44DF-96DF-5D644FCB6FF6} = {79FC678E-2FA6-4E48-B6F7-F1258C615B46}
		{C55F32A9-4842-4E99-B4E1-17DB612A5B2E} = {79FC678E-2FA6-4E48-B6F7-F1258C615B46}
		{A03A2D07-F29E-46ED-AEFD-58A7F848D45F} = {79FC678E-2FA6-4E48-B6F7-F1258C615B46}
		{7265FCE0-0CA4-496D-9D34-636B7CDDFECF} = {79FC678E-2FA6-4E48-B6F7-F1258C615B46}
		{9A41E764-05DC-4533-8EF6-47602833F527} = {79FC678E-2FA6-4E48-B6F7-F1258C615B46}
	EndGlobalSection
	GlobalSection(ExtensibilityGlobals) = postSolution
		SolutionGuid = {9A76437C-2C8E-404A-82A0-18F64D43CC8E}
	EndGlobalSection
EndGlobal
