
Microsoft Visual Studio Solution File, Format Version 12.00
# Visual Studio Version 17
VisualStudioVersion = 17.0.31710.8
MinimumVisualStudioVersion = 10.0.40219.1
Project("{FAE04EC0-301F-11D3-BF4B-00C04F79EFBC}") = "Stylophone", "Stylophone\Stylophone.csproj", "{5A5CE693-A67D-4B28-8DCE-4B0EA3A47533}"
EndProject
Project("{9A19103F-16F7-4668-BE54-9A1E7A4F7556}") = "Stylophone.Common", "Stylophone.Common\Stylophone.Common.csproj", "{83B15D0E-C82F-4438-8290-0DFC23A6498F}"
EndProject
Project("{9A19103F-16F7-4668-BE54-9A1E7A4F7556}") = "Stylophone.Localization", "Stylophone.Localization\Stylophone.Localization.csproj", "{3DEDF3EF-8DD2-4E20-B057-21DF5E342230}"
EndProject
Project("{FAE04EC0-301F-11D3-BF4B-00C04F79EFBC}") = "Stylophone.iOS", "Stylophone.iOS\Stylophone.iOS.csproj", "{EF817BEC-A839-4BAD-8E48-75B42A3EDAC4}"
EndProject
Project("{FAE04EC0-301F-11D3-BF4B-00C04F79EFBC}") = "App1", "App1\App1.csproj", "{61A5B931-A73B-4F25-BE96-6B34001CC1C4}"
EndProject
Global
	GlobalSection(SolutionConfigurationPlatforms) = preSolution
		Debug|Any CPU = Debug|Any CPU
		Debug|ARM = Debug|ARM
		Debug|ARM64 = Debug|ARM64
		Debug|iPhone = Debug|iPhone
		Debug|iPhoneSimulator = Debug|iPhoneSimulator
		Debug|x64 = Debug|x64
		Debug|x86 = Debug|x86
		Release|Any CPU = Release|Any CPU
		Release|ARM = Release|ARM
		Release|ARM64 = Release|ARM64
		Release|iPhone = Release|iPhone
		Release|iPhoneSimulator = Release|iPhoneSimulator
		Release|x64 = Release|x64
		Release|x86 = Release|x86
		Release-Stable|Any CPU = Release-Stable|Any CPU
		Release-Stable|ARM = Release-Stable|ARM
		Release-Stable|ARM64 = Release-Stable|ARM64
		Release-Stable|iPhone = Release-Stable|iPhone
		Release-Stable|iPhoneSimulator = Release-Stable|iPhoneSimulator
		Release-Stable|x64 = Release-Stable|x64
		Release-Stable|x86 = Release-Stable|x86
	EndGlobalSection
	GlobalSection(ProjectConfigurationPlatforms) = postSolution
		{5A5CE693-A67D-4B28-8DCE-4B0EA3A47533}.Debug|Any CPU.ActiveCfg = Debug|x86
		{5A5CE693-A67D-4B28-8DCE-4B0EA3A47533}.Debug|Any CPU.Build.0 = Debug|x86
		{5A5CE693-A67D-4B28-8DCE-4B0EA3A47533}.Debug|Any CPU.Deploy.0 = Debug|x86
		{5A5CE693-A67D-4B28-8DCE-4B0EA3A47533}.Debug|ARM.ActiveCfg = Debug|ARM
		{5A5CE693-A67D-4B28-8DCE-4B0EA3A47533}.Debug|ARM.Build.0 = Debug|ARM
		{5A5CE693-A67D-4B28-8DCE-4B0EA3A47533}.Debug|ARM.Deploy.0 = Debug|ARM
		{5A5CE693-A67D-4B28-8DCE-4B0EA3A47533}.Debug|ARM64.ActiveCfg = Debug|ARM64
		{5A5CE693-A67D-4B28-8DCE-4B0EA3A47533}.Debug|ARM64.Build.0 = Debug|ARM64
		{5A5CE693-A67D-4B28-8DCE-4B0EA3A47533}.Debug|ARM64.Deploy.0 = Debug|ARM64
		{5A5CE693-A67D-4B28-8DCE-4B0EA3A47533}.Debug|iPhone.ActiveCfg = Debug|x86
		{5A5CE693-A67D-4B28-8DCE-4B0EA3A47533}.Debug|iPhone.Build.0 = Debug|x86
		{5A5CE693-A67D-4B28-8DCE-4B0EA3A47533}.Debug|iPhoneSimulator.ActiveCfg = Debug|x86
		{5A5CE693-A67D-4B28-8DCE-4B0EA3A47533}.Debug|iPhoneSimulator.Build.0 = Debug|x86
		{5A5CE693-A67D-4B28-8DCE-4B0EA3A47533}.Debug|x64.ActiveCfg = Debug|x64
		{5A5CE693-A67D-4B28-8DCE-4B0EA3A47533}.Debug|x64.Build.0 = Debug|x64
		{5A5CE693-A67D-4B28-8DCE-4B0EA3A47533}.Debug|x64.Deploy.0 = Debug|x64
		{5A5CE693-A67D-4B28-8DCE-4B0EA3A47533}.Debug|x86.ActiveCfg = Debug|x86
		{5A5CE693-A67D-4B28-8DCE-4B0EA3A47533}.Debug|x86.Build.0 = Debug|x86
		{5A5CE693-A67D-4B28-8DCE-4B0EA3A47533}.Debug|x86.Deploy.0 = Debug|x86
		{5A5CE693-A67D-4B28-8DCE-4B0EA3A47533}.Release|Any CPU.ActiveCfg = Release|x86
		{5A5CE693-A67D-4B28-8DCE-4B0EA3A47533}.Release|Any CPU.Build.0 = Release|x86
		{5A5CE693-A67D-4B28-8DCE-4B0EA3A47533}.Release|Any CPU.Deploy.0 = Release|x86
		{5A5CE693-A67D-4B28-8DCE-4B0EA3A47533}.Release|ARM.ActiveCfg = Release|ARM
		{5A5CE693-A67D-4B28-8DCE-4B0EA3A47533}.Release|ARM.Build.0 = Release|ARM
		{5A5CE693-A67D-4B28-8DCE-4B0EA3A47533}.Release|ARM.Deploy.0 = Release|ARM
		{5A5CE693-A67D-4B28-8DCE-4B0EA3A47533}.Release|ARM64.ActiveCfg = Release|ARM64
		{5A5CE693-A67D-4B28-8DCE-4B0EA3A47533}.Release|ARM64.Build.0 = Release|ARM64
		{5A5CE693-A67D-4B28-8DCE-4B0EA3A47533}.Release|ARM64.Deploy.0 = Release|ARM64
		{5A5CE693-A67D-4B28-8DCE-4B0EA3A47533}.Release|iPhone.ActiveCfg = Release|x86
		{5A5CE693-A67D-4B28-8DCE-4B0EA3A47533}.Release|iPhone.Build.0 = Release|x86
		{5A5CE693-A67D-4B28-8DCE-4B0EA3A47533}.Release|iPhoneSimulator.ActiveCfg = Release|x86
		{5A5CE693-A67D-4B28-8DCE-4B0EA3A47533}.Release|iPhoneSimulator.Build.0 = Release|x86
		{5A5CE693-A67D-4B28-8DCE-4B0EA3A47533}.Release|x64.ActiveCfg = Release|x64
		{5A5CE693-A67D-4B28-8DCE-4B0EA3A47533}.Release|x64.Build.0 = Release|x64
		{5A5CE693-A67D-4B28-8DCE-4B0EA3A47533}.Release|x64.Deploy.0 = Release|x64
		{5A5CE693-A67D-4B28-8DCE-4B0EA3A47533}.Release|x86.ActiveCfg = Release|x86
		{5A5CE693-A67D-4B28-8DCE-4B0EA3A47533}.Release|x86.Build.0 = Release|x86
		{5A5CE693-A67D-4B28-8DCE-4B0EA3A47533}.Release|x86.Deploy.0 = Release|x86
		{5A5CE693-A67D-4B28-8DCE-4B0EA3A47533}.Release-Stable|Any CPU.ActiveCfg = Release|x64
		{5A5CE693-A67D-4B28-8DCE-4B0EA3A47533}.Release-Stable|Any CPU.Build.0 = Release|x64
		{5A5CE693-A67D-4B28-8DCE-4B0EA3A47533}.Release-Stable|Any CPU.Deploy.0 = Release|x64
		{5A5CE693-A67D-4B28-8DCE-4B0EA3A47533}.Release-Stable|ARM.ActiveCfg = Release|ARM
		{5A5CE693-A67D-4B28-8DCE-4B0EA3A47533}.Release-Stable|ARM.Build.0 = Release|ARM
		{5A5CE693-A67D-4B28-8DCE-4B0EA3A47533}.Release-Stable|ARM.Deploy.0 = Release|ARM
		{5A5CE693-A67D-4B28-8DCE-4B0EA3A47533}.Release-Stable|ARM64.ActiveCfg = Release|ARM64
		{5A5CE693-A67D-4B28-8DCE-4B0EA3A47533}.Release-Stable|ARM64.Build.0 = Release|ARM64
		{5A5CE693-A67D-4B28-8DCE-4B0EA3A47533}.Release-Stable|ARM64.Deploy.0 = Release|ARM64
		{5A5CE693-A67D-4B28-8DCE-4B0EA3A47533}.Release-Stable|iPhone.ActiveCfg = Release|x64
		{5A5CE693-A67D-4B28-8DCE-4B0EA3A47533}.Release-Stable|iPhone.Build.0 = Release|x64
		{5A5CE693-A67D-4B28-8DCE-4B0EA3A47533}.Release-Stable|iPhone.Deploy.0 = Release|x64
		{5A5CE693-A67D-4B28-8DCE-4B0EA3A47533}.Release-Stable|iPhoneSimulator.ActiveCfg = Release|x64
		{5A5CE693-A67D-4B28-8DCE-4B0EA3A47533}.Release-Stable|iPhoneSimulator.Build.0 = Release|x64
		{5A5CE693-A67D-4B28-8DCE-4B0EA3A47533}.Release-Stable|iPhoneSimulator.Deploy.0 = Release|x64
		{5A5CE693-A67D-4B28-8DCE-4B0EA3A47533}.Release-Stable|x64.ActiveCfg = Release|x64
		{5A5CE693-A67D-4B28-8DCE-4B0EA3A47533}.Release-Stable|x64.Build.0 = Release|x64
		{5A5CE693-A67D-4B28-8DCE-4B0EA3A47533}.Release-Stable|x64.Deploy.0 = Release|x64
		{5A5CE693-A67D-4B28-8DCE-4B0EA3A47533}.Release-Stable|x86.ActiveCfg = Release|x86
		{5A5CE693-A67D-4B28-8DCE-4B0EA3A47533}.Release-Stable|x86.Build.0 = Release|x86
		{5A5CE693-A67D-4B28-8DCE-4B0EA3A47533}.Release-Stable|x86.Deploy.0 = Release|x86
		{83B15D0E-C82F-4438-8290-0DFC23A6498F}.Debug|Any CPU.ActiveCfg = Debug|Any CPU
		{83B15D0E-C82F-4438-8290-0DFC23A6498F}.Debug|Any CPU.Build.0 = Debug|Any CPU
		{83B15D0E-C82F-4438-8290-0DFC23A6498F}.Debug|ARM.ActiveCfg = Debug|Any CPU
		{83B15D0E-C82F-4438-8290-0DFC23A6498F}.Debug|ARM.Build.0 = Debug|Any CPU
		{83B15D0E-C82F-4438-8290-0DFC23A6498F}.Debug|ARM64.ActiveCfg = Debug|Any CPU
		{83B15D0E-C82F-4438-8290-0DFC23A6498F}.Debug|ARM64.Build.0 = Debug|Any CPU
		{83B15D0E-C82F-4438-8290-0DFC23A6498F}.Debug|iPhone.ActiveCfg = Debug|Any CPU
		{83B15D0E-C82F-4438-8290-0DFC23A6498F}.Debug|iPhone.Build.0 = Debug|Any CPU
		{83B15D0E-C82F-4438-8290-0DFC23A6498F}.Debug|iPhoneSimulator.ActiveCfg = Debug|Any CPU
		{83B15D0E-C82F-4438-8290-0DFC23A6498F}.Debug|iPhoneSimulator.Build.0 = Debug|Any CPU
		{83B15D0E-C82F-4438-8290-0DFC23A6498F}.Debug|x64.ActiveCfg = Debug|Any CPU
		{83B15D0E-C82F-4438-8290-0DFC23A6498F}.Debug|x64.Build.0 = Debug|Any CPU
		{83B15D0E-C82F-4438-8290-0DFC23A6498F}.Debug|x86.ActiveCfg = Debug|Any CPU
		{83B15D0E-C82F-4438-8290-0DFC23A6498F}.Debug|x86.Build.0 = Debug|Any CPU
		{83B15D0E-C82F-4438-8290-0DFC23A6498F}.Release|Any CPU.ActiveCfg = Release|Any CPU
		{83B15D0E-C82F-4438-8290-0DFC23A6498F}.Release|Any CPU.Build.0 = Release|Any CPU
		{83B15D0E-C82F-4438-8290-0DFC23A6498F}.Release|ARM.ActiveCfg = Release|Any CPU
		{83B15D0E-C82F-4438-8290-0DFC23A6498F}.Release|ARM.Build.0 = Release|Any CPU
		{83B15D0E-C82F-4438-8290-0DFC23A6498F}.Release|ARM64.ActiveCfg = Release|Any CPU
		{83B15D0E-C82F-4438-8290-0DFC23A6498F}.Release|ARM64.Build.0 = Release|Any CPU
		{83B15D0E-C82F-4438-8290-0DFC23A6498F}.Release|iPhone.ActiveCfg = Release|Any CPU
		{83B15D0E-C82F-4438-8290-0DFC23A6498F}.Release|iPhone.Build.0 = Release|Any CPU
		{83B15D0E-C82F-4438-8290-0DFC23A6498F}.Release|iPhoneSimulator.ActiveCfg = Release|Any CPU
		{83B15D0E-C82F-4438-8290-0DFC23A6498F}.Release|iPhoneSimulator.Build.0 = Release|Any CPU
		{83B15D0E-C82F-4438-8290-0DFC23A6498F}.Release|x64.ActiveCfg = Release|Any CPU
		{83B15D0E-C82F-4438-8290-0DFC23A6498F}.Release|x64.Build.0 = Release|Any CPU
		{83B15D0E-C82F-4438-8290-0DFC23A6498F}.Release|x86.ActiveCfg = Release|Any CPU
		{83B15D0E-C82F-4438-8290-0DFC23A6498F}.Release|x86.Build.0 = Release|Any CPU
		{83B15D0E-C82F-4438-8290-0DFC23A6498F}.Release-Stable|Any CPU.ActiveCfg = Release|Any CPU
		{83B15D0E-C82F-4438-8290-0DFC23A6498F}.Release-Stable|Any CPU.Build.0 = Release|Any CPU
		{83B15D0E-C82F-4438-8290-0DFC23A6498F}.Release-Stable|ARM.ActiveCfg = Release|Any CPU
		{83B15D0E-C82F-4438-8290-0DFC23A6498F}.Release-Stable|ARM.Build.0 = Release|Any CPU
		{83B15D0E-C82F-4438-8290-0DFC23A6498F}.Release-Stable|ARM64.ActiveCfg = Release|Any CPU
		{83B15D0E-C82F-4438-8290-0DFC23A6498F}.Release-Stable|ARM64.Build.0 = Release|Any CPU
		{83B15D0E-C82F-4438-8290-0DFC23A6498F}.Release-Stable|iPhone.ActiveCfg = Release|Any CPU
		{83B15D0E-C82F-4438-8290-0DFC23A6498F}.Release-Stable|iPhone.Build.0 = Release|Any CPU
		{83B15D0E-C82F-4438-8290-0DFC23A6498F}.Release-Stable|iPhoneSimulator.ActiveCfg = Release|Any CPU
		{83B15D0E-C82F-4438-8290-0DFC23A6498F}.Release-Stable|iPhoneSimulator.Build.0 = Release|Any CPU
		{83B15D0E-C82F-4438-8290-0DFC23A6498F}.Release-Stable|x64.ActiveCfg = Release|Any CPU
		{83B15D0E-C82F-4438-8290-0DFC23A6498F}.Release-Stable|x64.Build.0 = Release|Any CPU
		{83B15D0E-C82F-4438-8290-0DFC23A6498F}.Release-Stable|x86.ActiveCfg = Release|Any CPU
		{83B15D0E-C82F-4438-8290-0DFC23A6498F}.Release-Stable|x86.Build.0 = Release|Any CPU
		{3DEDF3EF-8DD2-4E20-B057-21DF5E342230}.Debug|Any CPU.ActiveCfg = Debug|Any CPU
		{3DEDF3EF-8DD2-4E20-B057-21DF5E342230}.Debug|Any CPU.Build.0 = Debug|Any CPU
		{3DEDF3EF-8DD2-4E20-B057-21DF5E342230}.Debug|ARM.ActiveCfg = Debug|Any CPU
		{3DEDF3EF-8DD2-4E20-B057-21DF5E342230}.Debug|ARM.Build.0 = Debug|Any CPU
		{3DEDF3EF-8DD2-4E20-B057-21DF5E342230}.Debug|ARM64.ActiveCfg = Debug|Any CPU
		{3DEDF3EF-8DD2-4E20-B057-21DF5E342230}.Debug|ARM64.Build.0 = Debug|Any CPU
		{3DEDF3EF-8DD2-4E20-B057-21DF5E342230}.Debug|iPhone.ActiveCfg = Debug|Any CPU
		{3DEDF3EF-8DD2-4E20-B057-21DF5E342230}.Debug|iPhone.Build.0 = Debug|Any CPU
		{3DEDF3EF-8DD2-4E20-B057-21DF5E342230}.Debug|iPhoneSimulator.ActiveCfg = Debug|Any CPU
		{3DEDF3EF-8DD2-4E20-B057-21DF5E342230}.Debug|iPhoneSimulator.Build.0 = Debug|Any CPU
		{3DEDF3EF-8DD2-4E20-B057-21DF5E342230}.Debug|x64.ActiveCfg = Debug|Any CPU
		{3DEDF3EF-8DD2-4E20-B057-21DF5E342230}.Debug|x64.Build.0 = Debug|Any CPU
		{3DEDF3EF-8DD2-4E20-B057-21DF5E342230}.Debug|x86.ActiveCfg = Debug|Any CPU
		{3DEDF3EF-8DD2-4E20-B057-21DF5E342230}.Debug|x86.Build.0 = Debug|Any CPU
		{3DEDF3EF-8DD2-4E20-B057-21DF5E342230}.Release|Any CPU.ActiveCfg = Release|Any CPU
		{3DEDF3EF-8DD2-4E20-B057-21DF5E342230}.Release|Any CPU.Build.0 = Release|Any CPU
		{3DEDF3EF-8DD2-4E20-B057-21DF5E342230}.Release|ARM.ActiveCfg = Release|Any CPU
		{3DEDF3EF-8DD2-4E20-B057-21DF5E342230}.Release|ARM.Build.0 = Release|Any CPU
		{3DEDF3EF-8DD2-4E20-B057-21DF5E342230}.Release|ARM64.ActiveCfg = Release|Any CPU
		{3DEDF3EF-8DD2-4E20-B057-21DF5E342230}.Release|ARM64.Build.0 = Release|Any CPU
		{3DEDF3EF-8DD2-4E20-B057-21DF5E342230}.Release|iPhone.ActiveCfg = Release|Any CPU
		{3DEDF3EF-8DD2-4E20-B057-21DF5E342230}.Release|iPhone.Build.0 = Release|Any CPU
		{3DEDF3EF-8DD2-4E20-B057-21DF5E342230}.Release|iPhoneSimulator.ActiveCfg = Release|Any CPU
		{3DEDF3EF-8DD2-4E20-B057-21DF5E342230}.Release|iPhoneSimulator.Build.0 = Release|Any CPU
		{3DEDF3EF-8DD2-4E20-B057-21DF5E342230}.Release|x64.ActiveCfg = Release|Any CPU
		{3DEDF3EF-8DD2-4E20-B057-21DF5E342230}.Release|x64.Build.0 = Release|Any CPU
		{3DEDF3EF-8DD2-4E20-B057-21DF5E342230}.Release|x86.ActiveCfg = Release|Any CPU
		{3DEDF3EF-8DD2-4E20-B057-21DF5E342230}.Release|x86.Build.0 = Release|Any CPU
		{3DEDF3EF-8DD2-4E20-B057-21DF5E342230}.Release-Stable|Any CPU.ActiveCfg = Release|Any CPU
		{3DEDF3EF-8DD2-4E20-B057-21DF5E342230}.Release-Stable|Any CPU.Build.0 = Release|Any CPU
		{3DEDF3EF-8DD2-4E20-B057-21DF5E342230}.Release-Stable|ARM.ActiveCfg = Release|Any CPU
		{3DEDF3EF-8DD2-4E20-B057-21DF5E342230}.Release-Stable|ARM.Build.0 = Release|Any CPU
		{3DEDF3EF-8DD2-4E20-B057-21DF5E342230}.Release-Stable|ARM64.ActiveCfg = Release|Any CPU
		{3DEDF3EF-8DD2-4E20-B057-21DF5E342230}.Release-Stable|ARM64.Build.0 = Release|Any CPU
		{3DEDF3EF-8DD2-4E20-B057-21DF5E342230}.Release-Stable|iPhone.ActiveCfg = Release|Any CPU
		{3DEDF3EF-8DD2-4E20-B057-21DF5E342230}.Release-Stable|iPhone.Build.0 = Release|Any CPU
		{3DEDF3EF-8DD2-4E20-B057-21DF5E342230}.Release-Stable|iPhoneSimulator.ActiveCfg = Release|Any CPU
		{3DEDF3EF-8DD2-4E20-B057-21DF5E342230}.Release-Stable|iPhoneSimulator.Build.0 = Release|Any CPU
		{3DEDF3EF-8DD2-4E20-B057-21DF5E342230}.Release-Stable|x64.ActiveCfg = Release|Any CPU
		{3DEDF3EF-8DD2-4E20-B057-21DF5E342230}.Release-Stable|x64.Build.0 = Release|Any CPU
		{3DEDF3EF-8DD2-4E20-B057-21DF5E342230}.Release-Stable|x86.ActiveCfg = Release|Any CPU
		{3DEDF3EF-8DD2-4E20-B057-21DF5E342230}.Release-Stable|x86.Build.0 = Release|Any CPU
		{EF817BEC-A839-4BAD-8E48-75B42A3EDAC4}.Debug|Any CPU.ActiveCfg = Debug|Any CPU
		{EF817BEC-A839-4BAD-8E48-75B42A3EDAC4}.Debug|Any CPU.Build.0 = Debug|Any CPU
		{EF817BEC-A839-4BAD-8E48-75B42A3EDAC4}.Debug|ARM.ActiveCfg = Debug|Any CPU
		{EF817BEC-A839-4BAD-8E48-75B42A3EDAC4}.Debug|ARM.Build.0 = Debug|Any CPU
		{EF817BEC-A839-4BAD-8E48-75B42A3EDAC4}.Debug|ARM64.ActiveCfg = Debug|Any CPU
		{EF817BEC-A839-4BAD-8E48-75B42A3EDAC4}.Debug|ARM64.Build.0 = Debug|Any CPU
		{EF817BEC-A839-4BAD-8E48-75B42A3EDAC4}.Debug|iPhone.ActiveCfg = Debug|Any CPU
		{EF817BEC-A839-4BAD-8E48-75B42A3EDAC4}.Debug|iPhone.Build.0 = Debug|Any CPU
		{EF817BEC-A839-4BAD-8E48-75B42A3EDAC4}.Debug|iPhoneSimulator.ActiveCfg = Debug|Any CPU
		{EF817BEC-A839-4BAD-8E48-75B42A3EDAC4}.Debug|iPhoneSimulator.Build.0 = Debug|Any CPU
		{EF817BEC-A839-4BAD-8E48-75B42A3EDAC4}.Debug|x64.ActiveCfg = Debug|Any CPU
		{EF817BEC-A839-4BAD-8E48-75B42A3EDAC4}.Debug|x64.Build.0 = Debug|Any CPU
		{EF817BEC-A839-4BAD-8E48-75B42A3EDAC4}.Debug|x86.ActiveCfg = Debug|Any CPU
		{EF817BEC-A839-4BAD-8E48-75B42A3EDAC4}.Debug|x86.Build.0 = Debug|Any CPU
		{EF817BEC-A839-4BAD-8E48-75B42A3EDAC4}.Release|Any CPU.ActiveCfg = Release|Any CPU
		{EF817BEC-A839-4BAD-8E48-75B42A3EDAC4}.Release|Any CPU.Build.0 = Release|Any CPU
		{EF817BEC-A839-4BAD-8E48-75B42A3EDAC4}.Release|ARM.ActiveCfg = Release|Any CPU
		{EF817BEC-A839-4BAD-8E48-75B42A3EDAC4}.Release|ARM.Build.0 = Release|Any CPU
		{EF817BEC-A839-4BAD-8E48-75B42A3EDAC4}.Release|ARM64.ActiveCfg = Release|Any CPU
		{EF817BEC-A839-4BAD-8E48-75B42A3EDAC4}.Release|ARM64.Build.0 = Release|Any CPU
		{EF817BEC-A839-4BAD-8E48-75B42A3EDAC4}.Release|iPhone.ActiveCfg = Release|Any CPU
		{EF817BEC-A839-4BAD-8E48-75B42A3EDAC4}.Release|iPhone.Build.0 = Release|Any CPU
		{EF817BEC-A839-4BAD-8E48-75B42A3EDAC4}.Release|iPhoneSimulator.ActiveCfg = Release|Any CPU
		{EF817BEC-A839-4BAD-8E48-75B42A3EDAC4}.Release|iPhoneSimulator.Build.0 = Release|Any CPU
		{EF817BEC-A839-4BAD-8E48-75B42A3EDAC4}.Release|x64.ActiveCfg = Release|Any CPU
		{EF817BEC-A839-4BAD-8E48-75B42A3EDAC4}.Release|x64.Build.0 = Release|Any CPU
		{EF817BEC-A839-4BAD-8E48-75B42A3EDAC4}.Release|x86.ActiveCfg = Release|Any CPU
		{EF817BEC-A839-4BAD-8E48-75B42A3EDAC4}.Release|x86.Build.0 = Release|Any CPU
		{EF817BEC-A839-4BAD-8E48-75B42A3EDAC4}.Release-Stable|Any CPU.ActiveCfg = Debug|Any CPU
		{EF817BEC-A839-4BAD-8E48-75B42A3EDAC4}.Release-Stable|Any CPU.Build.0 = Debug|Any CPU
		{EF817BEC-A839-4BAD-8E48-75B42A3EDAC4}.Release-Stable|ARM.ActiveCfg = Debug|Any CPU
		{EF817BEC-A839-4BAD-8E48-75B42A3EDAC4}.Release-Stable|ARM.Build.0 = Debug|Any CPU
		{EF817BEC-A839-4BAD-8E48-75B42A3EDAC4}.Release-Stable|ARM64.ActiveCfg = Debug|Any CPU
		{EF817BEC-A839-4BAD-8E48-75B42A3EDAC4}.Release-Stable|ARM64.Build.0 = Debug|Any CPU
		{EF817BEC-A839-4BAD-8E48-75B42A3EDAC4}.Release-Stable|iPhone.ActiveCfg = Debug|Any CPU
		{EF817BEC-A839-4BAD-8E48-75B42A3EDAC4}.Release-Stable|iPhone.Build.0 = Debug|Any CPU
		{EF817BEC-A839-4BAD-8E48-75B42A3EDAC4}.Release-Stable|iPhoneSimulator.ActiveCfg = Debug|Any CPU
		{EF817BEC-A839-4BAD-8E48-75B42A3EDAC4}.Release-Stable|iPhoneSimulator.Build.0 = Debug|Any CPU
		{EF817BEC-A839-4BAD-8E48-75B42A3EDAC4}.Release-Stable|x64.ActiveCfg = Debug|Any CPU
		{EF817BEC-A839-4BAD-8E48-75B42A3EDAC4}.Release-Stable|x64.Build.0 = Debug|Any CPU
		{EF817BEC-A839-4BAD-8E48-75B42A3EDAC4}.Release-Stable|x86.ActiveCfg = Debug|Any CPU
		{EF817BEC-A839-4BAD-8E48-75B42A3EDAC4}.Release-Stable|x86.Build.0 = Debug|Any CPU
		{61A5B931-A73B-4F25-BE96-6B34001CC1C4}.Debug|Any CPU.ActiveCfg = Debug|x64
		{61A5B931-A73B-4F25-BE96-6B34001CC1C4}.Debug|Any CPU.Build.0 = Debug|x64
		{61A5B931-A73B-4F25-BE96-6B34001CC1C4}.Debug|Any CPU.Deploy.0 = Debug|x64
		{61A5B931-A73B-4F25-BE96-6B34001CC1C4}.Debug|ARM.ActiveCfg = Debug|x64
		{61A5B931-A73B-4F25-BE96-6B34001CC1C4}.Debug|ARM.Build.0 = Debug|x64
		{61A5B931-A73B-4F25-BE96-6B34001CC1C4}.Debug|ARM.Deploy.0 = Debug|x64
		{61A5B931-A73B-4F25-BE96-6B34001CC1C4}.Debug|ARM64.ActiveCfg = Debug|arm64
		{61A5B931-A73B-4F25-BE96-6B34001CC1C4}.Debug|ARM64.Build.0 = Debug|arm64
		{61A5B931-A73B-4F25-BE96-6B34001CC1C4}.Debug|ARM64.Deploy.0 = Debug|arm64
		{61A5B931-A73B-4F25-BE96-6B34001CC1C4}.Debug|iPhone.ActiveCfg = Debug|x64
		{61A5B931-A73B-4F25-BE96-6B34001CC1C4}.Debug|iPhone.Build.0 = Debug|x64
		{61A5B931-A73B-4F25-BE96-6B34001CC1C4}.Debug|iPhone.Deploy.0 = Debug|x64
		{61A5B931-A73B-4F25-BE96-6B34001CC1C4}.Debug|iPhoneSimulator.ActiveCfg = Debug|x64
		{61A5B931-A73B-4F25-BE96-6B34001CC1C4}.Debug|iPhoneSimulator.Build.0 = Debug|x64
		{61A5B931-A73B-4F25-BE96-6B34001CC1C4}.Debug|iPhoneSimulator.Deploy.0 = Debug|x64
		{61A5B931-A73B-4F25-BE96-6B34001CC1C4}.Debug|x64.ActiveCfg = Debug|x64
		{61A5B931-A73B-4F25-BE96-6B34001CC1C4}.Debug|x64.Build.0 = Debug|x64
		{61A5B931-A73B-4F25-BE96-6B34001CC1C4}.Debug|x64.Deploy.0 = Debug|x64
		{61A5B931-A73B-4F25-BE96-6B34001CC1C4}.Debug|x86.ActiveCfg = Debug|x86
		{61A5B931-A73B-4F25-BE96-6B34001CC1C4}.Debug|x86.Build.0 = Debug|x86
		{61A5B931-A73B-4F25-BE96-6B34001CC1C4}.Debug|x86.Deploy.0 = Debug|x86
		{61A5B931-A73B-4F25-BE96-6B34001CC1C4}.Release|Any CPU.ActiveCfg = Release|x64
		{61A5B931-A73B-4F25-BE96-6B34001CC1C4}.Release|Any CPU.Build.0 = Release|x64
		{61A5B931-A73B-4F25-BE96-6B34001CC1C4}.Release|Any CPU.Deploy.0 = Release|x64
		{61A5B931-A73B-4F25-BE96-6B34001CC1C4}.Release|ARM.ActiveCfg = Release|x64
		{61A5B931-A73B-4F25-BE96-6B34001CC1C4}.Release|ARM.Build.0 = Release|x64
		{61A5B931-A73B-4F25-BE96-6B34001CC1C4}.Release|ARM.Deploy.0 = Release|x64
		{61A5B931-A73B-4F25-BE96-6B34001CC1C4}.Release|ARM64.ActiveCfg = Release|arm64
		{61A5B931-A73B-4F25-BE96-6B34001CC1C4}.Release|ARM64.Build.0 = Release|arm64
		{61A5B931-A73B-4F25-BE96-6B34001CC1C4}.Release|ARM64.Deploy.0 = Release|arm64
		{61A5B931-A73B-4F25-BE96-6B34001CC1C4}.Release|iPhone.ActiveCfg = Release|x64
		{61A5B931-A73B-4F25-BE96-6B34001CC1C4}.Release|iPhone.Build.0 = Release|x64
		{61A5B931-A73B-4F25-BE96-6B34001CC1C4}.Release|iPhone.Deploy.0 = Release|x64
		{61A5B931-A73B-4F25-BE96-6B34001CC1C4}.Release|iPhoneSimulator.ActiveCfg = Release|x64
		{61A5B931-A73B-4F25-BE96-6B34001CC1C4}.Release|iPhoneSimulator.Build.0 = Release|x64
		{61A5B931-A73B-4F25-BE96-6B34001CC1C4}.Release|iPhoneSimulator.Deploy.0 = Release|x64
		{61A5B931-A73B-4F25-BE96-6B34001CC1C4}.Release|x64.ActiveCfg = Release|x64
		{61A5B931-A73B-4F25-BE96-6B34001CC1C4}.Release|x64.Build.0 = Release|x64
		{61A5B931-A73B-4F25-BE96-6B34001CC1C4}.Release|x64.Deploy.0 = Release|x64
		{61A5B931-A73B-4F25-BE96-6B34001CC1C4}.Release|x86.ActiveCfg = Release|x86
		{61A5B931-A73B-4F25-BE96-6B34001CC1C4}.Release|x86.Build.0 = Release|x86
		{61A5B931-A73B-4F25-BE96-6B34001CC1C4}.Release|x86.Deploy.0 = Release|x86
		{61A5B931-A73B-4F25-BE96-6B34001CC1C4}.Release-Stable|Any CPU.ActiveCfg = Release|x64
		{61A5B931-A73B-4F25-BE96-6B34001CC1C4}.Release-Stable|Any CPU.Build.0 = Release|x64
		{61A5B931-A73B-4F25-BE96-6B34001CC1C4}.Release-Stable|Any CPU.Deploy.0 = Release|x64
		{61A5B931-A73B-4F25-BE96-6B34001CC1C4}.Release-Stable|ARM.ActiveCfg = Release|x64
		{61A5B931-A73B-4F25-BE96-6B34001CC1C4}.Release-Stable|ARM.Build.0 = Release|x64
		{61A5B931-A73B-4F25-BE96-6B34001CC1C4}.Release-Stable|ARM.Deploy.0 = Release|x64
		{61A5B931-A73B-4F25-BE96-6B34001CC1C4}.Release-Stable|ARM64.ActiveCfg = Release|arm64
		{61A5B931-A73B-4F25-BE96-6B34001CC1C4}.Release-Stable|ARM64.Build.0 = Release|arm64
		{61A5B931-A73B-4F25-BE96-6B34001CC1C4}.Release-Stable|ARM64.Deploy.0 = Release|arm64
		{61A5B931-A73B-4F25-BE96-6B34001CC1C4}.Release-Stable|iPhone.ActiveCfg = Release|x64
		{61A5B931-A73B-4F25-BE96-6B34001CC1C4}.Release-Stable|iPhone.Build.0 = Release|x64
		{61A5B931-A73B-4F25-BE96-6B34001CC1C4}.Release-Stable|iPhone.Deploy.0 = Release|x64
		{61A5B931-A73B-4F25-BE96-6B34001CC1C4}.Release-Stable|iPhoneSimulator.ActiveCfg = Release|x64
		{61A5B931-A73B-4F25-BE96-6B34001CC1C4}.Release-Stable|iPhoneSimulator.Build.0 = Release|x64
		{61A5B931-A73B-4F25-BE96-6B34001CC1C4}.Release-Stable|iPhoneSimulator.Deploy.0 = Release|x64
		{61A5B931-A73B-4F25-BE96-6B34001CC1C4}.Release-Stable|x64.ActiveCfg = Release|x64
		{61A5B931-A73B-4F25-BE96-6B34001CC1C4}.Release-Stable|x64.Build.0 = Release|x64
		{61A5B931-A73B-4F25-BE96-6B34001CC1C4}.Release-Stable|x64.Deploy.0 = Release|x64
		{61A5B931-A73B-4F25-BE96-6B34001CC1C4}.Release-Stable|x86.ActiveCfg = Release|x86
		{61A5B931-A73B-4F25-BE96-6B34001CC1C4}.Release-Stable|x86.Build.0 = Release|x86
		{61A5B931-A73B-4F25-BE96-6B34001CC1C4}.Release-Stable|x86.Deploy.0 = Release|x86
	EndGlobalSection
	GlobalSection(SolutionProperties) = preSolution
		HideSolutionNode = FALSE
	EndGlobalSection
	GlobalSection(ExtensibilityGlobals) = postSolution
		SolutionGuid = {9A76437C-2C8E-404A-82A0-18F64D43CC8E}
	EndGlobalSection
EndGlobal
